
Microsoft Visual Studio Solution File, Format Version 12.00
# Visual Studio Version 16
VisualStudioVersion = 16.0.30621.155
MinimumVisualStudioVersion = 10.0.40219.1
Project("{FAE04EC0-301F-11D3-BF4B-00C04F79EFBC}") = "UiPath.FTP", "FTP\UiPath.FTP\UiPath.FTP.csproj", "{E9137637-B657-4C22-85A5-2E30ADF82566}"
EndProject
Project("{FAE04EC0-301F-11D3-BF4B-00C04F79EFBC}") = "UiPath.FTP.Activities", "FTP\UiPath.FTP.Activities\UiPath.FTP.Activities.csproj", "{FDFC92EE-090C-4E23-9422-F90EB94C43DD}"
EndProject
Project("{FAE04EC0-301F-11D3-BF4B-00C04F79EFBC}") = "UiPath.FTP.Activities.Design", "FTP\UiPath.FTP.Activities.Design\UiPath.FTP.Activities.Design.csproj", "{7D1DC1A6-AA81-4E6A-9081-97BF21662F4E}"
EndProject
Global
	GlobalSection(SharedMSBuildProjectFiles) = preSolution
		Shared\UiPath.Shared.Activities\UiPath.Shared.Activities.projitems*{fdfc92ee-090c-4e23-9422-f90eb94c43dd}*SharedItemsImports = 4
	EndGlobalSection
	GlobalSection(SolutionConfigurationPlatforms) = preSolution
		Debug|Any CPU = Debug|Any CPU
		Release|Any CPU = Release|Any CPU
	EndGlobalSection
	GlobalSection(ProjectConfigurationPlatforms) = postSolution
		{E9137637-B657-4C22-85A5-2E30ADF82566}.Debug|Any CPU.ActiveCfg = Debug|Any CPU
		{E9137637-B657-4C22-85A5-2E30ADF82566}.Debug|Any CPU.Build.0 = Debug|Any CPU
		{E9137637-B657-4C22-85A5-2E30ADF82566}.Release|Any CPU.ActiveCfg = Release|Any CPU
		{E9137637-B657-4C22-85A5-2E30ADF82566}.Release|Any CPU.Build.0 = Release|Any CPU
		{FDFC92EE-090C-4E23-9422-F90EB94C43DD}.Debug|Any CPU.ActiveCfg = Debug|Any CPU
		{FDFC92EE-090C-4E23-9422-F90EB94C43DD}.Debug|Any CPU.Build.0 = Debug|Any CPU
		{FDFC92EE-090C-4E23-9422-F90EB94C43DD}.Release|Any CPU.ActiveCfg = Release|Any CPU
		{FDFC92EE-090C-4E23-9422-F90EB94C43DD}.Release|Any CPU.Build.0 = Release|Any CPU
		{7D1DC1A6-AA81-4E6A-9081-97BF21662F4E}.Debug|Any CPU.ActiveCfg = Debug|Any CPU
		{7D1DC1A6-AA81-4E6A-9081-97BF21662F4E}.Debug|Any CPU.Build.0 = Debug|Any CPU
		{7D1DC1A6-AA81-4E6A-9081-97BF21662F4E}.Release|Any CPU.ActiveCfg = Release|Any CPU
		{7D1DC1A6-AA81-4E6A-9081-97BF21662F4E}.Release|Any CPU.Build.0 = Release|Any CPU
	EndGlobalSection
	GlobalSection(SolutionProperties) = preSolution
		HideSolutionNode = FALSE
	EndGlobalSection
	GlobalSection(ExtensibilityGlobals) = postSolution
		SolutionGuid = {5AC55779-EA32-41AD-BAAD-1808F8A412CB}
	EndGlobalSection
EndGlobal
