
Microsoft Visual Studio Solution File, Format Version 12.00
# Visual Studio Version 16
VisualStudioVersion = 16.0.30621.155
MinimumVisualStudioVersion = 10.0.40219.1
Project("{9A19103F-16F7-4668-BE54-9A1E7A4F7556}") = "UiPath.Java", "Java\UiPath.Java\UiPath.Java.csproj", "{89957ABF-8A15-484A-94BA-6565969046AD}"
EndProject
Project("{9A19103F-16F7-4668-BE54-9A1E7A4F7556}") = "UiPath.Java.Activities", "Java\UiPath.Java.Activities\UiPath.Java.Activities.csproj", "{7747A478-8986-4A56-8342-093752FC07C3}"
EndProject
Project("{9A19103F-16F7-4668-BE54-9A1E7A4F7556}") = "UiPath.Java.Activities.Design", "Java\UiPath.Java.Activities.Design\UiPath.Java.Activities.Design.csproj", "{5E102B9E-DCEF-4D8B-8A02-3FDF0FCC0D59}"
EndProject
Project("{9A19103F-16F7-4668-BE54-9A1E7A4F7556}") = "UiPath.Java.Test", "Java\UiPath.Java.Test\UiPath.Java.Test.csproj", "{49C33D77-EADB-4F07-A1A2-91B88F531E8D}"
EndProject
Project("{9A19103F-16F7-4668-BE54-9A1E7A4F7556}") = "UiPath.Java.Activities.Packaging", "Java\UiPath.Java.Activities.Packaging\UiPath.Java.Activities.Packaging.csproj", "{BC8E6BDF-B0F8-4E23-8982-0F3852573AEC}"
EndProject
Global
	GlobalSection(SharedMSBuildProjectFiles) = preSolution
		Shared\UiPath.Shared.Activities.Design\UiPath.Shared.Activities.Design.projitems*{5e102b9e-dcef-4d8b-8a02-3fdf0fcc0d59}*SharedItemsImports = 5
		Shared\UiPath.Shared.Activities\UiPath.Shared.Activities.projitems*{7747a478-8986-4a56-8342-093752fc07c3}*SharedItemsImports = 5
		Shared\UiPath.Shared\UiPath.Shared.projitems*{7747a478-8986-4a56-8342-093752fc07c3}*SharedItemsImports = 5
	EndGlobalSection
	GlobalSection(SolutionConfigurationPlatforms) = preSolution
		Debug|AnyCPU = Debug|AnyCPU
		Release|AnyCPU = Release|AnyCPU
	EndGlobalSection
	GlobalSection(ProjectConfigurationPlatforms) = postSolution
		{89957ABF-8A15-484A-94BA-6565969046AD}.Debug|AnyCPU.ActiveCfg = Debug|AnyCPU
		{89957ABF-8A15-484A-94BA-6565969046AD}.Debug|AnyCPU.Build.0 = Debug|AnyCPU
		{89957ABF-8A15-484A-94BA-6565969046AD}.Release|AnyCPU.ActiveCfg = Release|AnyCPU
		{89957ABF-8A15-484A-94BA-6565969046AD}.Release|AnyCPU.Build.0 = Release|AnyCPU
		{7747A478-8986-4A56-8342-093752FC07C3}.Debug|AnyCPU.ActiveCfg = Debug|AnyCPU
		{7747A478-8986-4A56-8342-093752FC07C3}.Debug|AnyCPU.Build.0 = Debug|AnyCPU
		{7747A478-8986-4A56-8342-093752FC07C3}.Release|AnyCPU.ActiveCfg = Release|AnyCPU
		{7747A478-8986-4A56-8342-093752FC07C3}.Release|AnyCPU.Build.0 = Release|AnyCPU
		{5E102B9E-DCEF-4D8B-8A02-3FDF0FCC0D59}.Debug|AnyCPU.ActiveCfg = Debug|AnyCPU
		{5E102B9E-DCEF-4D8B-8A02-3FDF0FCC0D59}.Debug|AnyCPU.Build.0 = Debug|AnyCPU
		{5E102B9E-DCEF-4D8B-8A02-3FDF0FCC0D59}.Release|AnyCPU.ActiveCfg = Release|AnyCPU
		{5E102B9E-DCEF-4D8B-8A02-3FDF0FCC0D59}.Release|AnyCPU.Build.0 = Release|AnyCPU
		{49C33D77-EADB-4F07-A1A2-91B88F531E8D}.Debug|AnyCPU.ActiveCfg = Debug|AnyCPU
		{49C33D77-EADB-4F07-A1A2-91B88F531E8D}.Debug|AnyCPU.Build.0 = Debug|AnyCPU
		{49C33D77-EADB-4F07-A1A2-91B88F531E8D}.Release|AnyCPU.ActiveCfg = Release|AnyCPU
		{49C33D77-EADB-4F07-A1A2-91B88F531E8D}.Release|AnyCPU.Build.0 = Release|AnyCPU
		{BC8E6BDF-B0F8-4E23-8982-0F3852573AEC}.Debug|AnyCPU.ActiveCfg = Debug|Any CPU
		{BC8E6BDF-B0F8-4E23-8982-0F3852573AEC}.Debug|AnyCPU.Build.0 = Debug|Any CPU
		{BC8E6BDF-B0F8-4E23-8982-0F3852573AEC}.Release|AnyCPU.ActiveCfg = Release|Any CPU
		{BC8E6BDF-B0F8-4E23-8982-0F3852573AEC}.Release|AnyCPU.Build.0 = Release|Any CPU
	EndGlobalSection
	GlobalSection(SolutionProperties) = preSolution
		HideSolutionNode = FALSE
	EndGlobalSection
	GlobalSection(ExtensibilityGlobals) = postSolution
		SolutionGuid = {5AC55779-EA32-41AD-BAAD-1808F8A412CB}
	EndGlobalSection
EndGlobal
