
Microsoft Visual Studio Solution File, Format Version 12.00
# Visual Studio Version 16
VisualStudioVersion = 16.0.30621.155
MinimumVisualStudioVersion = 10.0.40219.1
Project("{FAE04EC0-301F-11D3-BF4B-00C04F79EFBC}") = "UiPath.Database", "Database\UiPath.Database\UiPath.Database.csproj", "{BD4850CC-23BF-4BEA-933E-F1FD7C692451}"
EndProject
Project("{FAE04EC0-301F-11D3-BF4B-00C04F79EFBC}") = "UiPath.Database.Activities", "Database\UiPath.Database.Activities\UiPath.Database.Activities.csproj", "{E6D45FA7-57A7-4136-99C6-6EE89851F4CD}"
EndProject
Project("{FAE04EC0-301F-11D3-BF4B-00C04F79EFBC}") = "UiPath.Database.Activities.Design", "Database\UiPath.Database.Activities.Design\UiPath.Database.Activities.Design.csproj", "{AE083078-F322-408C-ABFC-F2C89BA8DE63}"
EndProject
Project("{FAE04EC0-301F-11D3-BF4B-00C04F79EFBC}") = "UiPath.Database.Tests", "Database\UiPath.Database.Tests\UiPath.Database.Tests.csproj", "{4F6DE5DC-1E17-4713-AF82-BE99643D5326}"
EndProject
Global
	GlobalSection(SolutionConfigurationPlatforms) = preSolution
		Debug|Any CPU = Debug|Any CPU
		Release|Any CPU = Release|Any CPU
	EndGlobalSection
	GlobalSection(ProjectConfigurationPlatforms) = postSolution
		{BD4850CC-23BF-4BEA-933E-F1FD7C692451}.Debug|Any CPU.ActiveCfg = Debug|Any CPU
		{BD4850CC-23BF-4BEA-933E-F1FD7C692451}.Debug|Any CPU.Build.0 = Debug|Any CPU
		{BD4850CC-23BF-4BEA-933E-F1FD7C692451}.Release|Any CPU.ActiveCfg = Release|Any CPU
		{BD4850CC-23BF-4BEA-933E-F1FD7C692451}.Release|Any CPU.Build.0 = Release|Any CPU
		{E6D45FA7-57A7-4136-99C6-6EE89851F4CD}.Debug|Any CPU.ActiveCfg = Debug|Any CPU
		{E6D45FA7-57A7-4136-99C6-6EE89851F4CD}.Debug|Any CPU.Build.0 = Debug|Any CPU
		{E6D45FA7-57A7-4136-99C6-6EE89851F4CD}.Release|Any CPU.ActiveCfg = Release|Any CPU
		{E6D45FA7-57A7-4136-99C6-6EE89851F4CD}.Release|Any CPU.Build.0 = Release|Any CPU
		{AE083078-F322-408C-ABFC-F2C89BA8DE63}.Debug|Any CPU.ActiveCfg = Debug|Any CPU
		{AE083078-F322-408C-ABFC-F2C89BA8DE63}.Debug|Any CPU.Build.0 = Debug|Any CPU
		{AE083078-F322-408C-ABFC-F2C89BA8DE63}.Release|Any CPU.ActiveCfg = Release|Any CPU
		{AE083078-F322-408C-ABFC-F2C89BA8DE63}.Release|Any CPU.Build.0 = Release|Any CPU
		{4F6DE5DC-1E17-4713-AF82-BE99643D5326}.Debug|Any CPU.ActiveCfg = Debug|Any CPU
		{4F6DE5DC-1E17-4713-AF82-BE99643D5326}.Debug|Any CPU.Build.0 = Debug|Any CPU
		{4F6DE5DC-1E17-4713-AF82-BE99643D5326}.Release|Any CPU.ActiveCfg = Release|Any CPU
		{4F6DE5DC-1E17-4713-AF82-BE99643D5326}.Release|Any CPU.Build.0 = Release|Any CPU
	EndGlobalSection
	GlobalSection(SolutionProperties) = preSolution
		HideSolutionNode = FALSE
	EndGlobalSection
	GlobalSection(ExtensibilityGlobals) = postSolution
		SolutionGuid = {5AC55779-EA32-41AD-BAAD-1808F8A412CB}
	EndGlobalSection
EndGlobal
