
Microsoft Visual Studio Solution File, Format Version 12.00
# Visual Studio Version 16
VisualStudioVersion = 16.0.30621.155
MinimumVisualStudioVersion = 10.0.40219.1
Project("{FAE04EC0-301F-11D3-BF4B-00C04F79EFBC}") = "UiPath.Twilio.Activities", "Twilio\UiPath.Twilio.Activities\UiPath.Twilio.Activities.csproj", "{6C7B3FE3-8F7C-46C4-ABF2-B7B1A0E70B77}"
EndProject
Global
	GlobalSection(SolutionConfigurationPlatforms) = preSolution
		Debug|Any CPU = Debug|Any CPU
		Release|Any CPU = Release|Any CPU
	EndGlobalSection
	GlobalSection(ProjectConfigurationPlatforms) = postSolution
		{6C7B3FE3-8F7C-46C4-ABF2-B7B1A0E70B77}.Debug|Any CPU.ActiveCfg = Debug|Any CPU
		{6C7B3FE3-8F7C-46C4-ABF2-B7B1A0E70B77}.Debug|Any CPU.Build.0 = Debug|Any CPU
		{6C7B3FE3-8F7C-46C4-ABF2-B7B1A0E70B77}.Release|Any CPU.ActiveCfg = Release|Any CPU
		{6C7B3FE3-8F7C-46C4-ABF2-B7B1A0E70B77}.Release|Any CPU.Build.0 = Release|Any CPU
	EndGlobalSection
	GlobalSection(SolutionProperties) = preSolution
		HideSolutionNode = FALSE
	EndGlobalSection
	GlobalSection(ExtensibilityGlobals) = postSolution
		SolutionGuid = {5AC55779-EA32-41AD-BAAD-1808F8A412CB}
	EndGlobalSection
EndGlobal
