
Microsoft Visual Studio Solution File, Format Version 12.00
# Visual Studio Version 16
VisualStudioVersion = 16.0.30621.155
MinimumVisualStudioVersion = 10.0.40219.1
Project("{9A19103F-16F7-4668-BE54-9A1E7A4F7556}") = "UiPath.Database", "Database\UiPath.Database\UiPath.Database.csproj", "{BD4850CC-23BF-4BEA-933E-F1FD7C692451}"
EndProject
Project("{9A19103F-16F7-4668-BE54-9A1E7A4F7556}") = "UiPath.Database.Activities", "Database\UiPath.Database.Activities\UiPath.Database.Activities.csproj", "{E6D45FA7-57A7-4136-99C6-6EE89851F4CD}"
EndProject
Project("{9A19103F-16F7-4668-BE54-9A1E7A4F7556}") = "UiPath.Database.Activities.Design", "Database\UiPath.Database.Activities.Design\UiPath.Database.Activities.Design.csproj", "{AE083078-F322-408C-ABFC-F2C89BA8DE63}"
EndProject
Project("{9A19103F-16F7-4668-BE54-9A1E7A4F7556}") = "UiPath.Database.Tests", "Database\UiPath.Database.Tests\UiPath.Database.Tests.csproj", "{4F6DE5DC-1E17-4713-AF82-BE99643D5326}"
EndProject
Project("{2150E333-8FDC-42A3-9474-1A3956D46DE8}") = "Solution Items", "Solution Items", "{73A1A2F6-3B6D-4CAA-A6E2-1FBD34FD0312}"
	ProjectSection(SolutionItems) = preProject
		Database\Database.build.props = Database\Database.build.props
		Directory.build.targets = Directory.build.targets
	EndProjectSection
EndProject
Project("{9A19103F-16F7-4668-BE54-9A1E7A4F7556}") = "UiPath.Database.Activities.Packaging", "Database\UiPath.Database.Activities.Packaging\UiPath.Database.Activities.Packaging.csproj", "{9417D940-CA01-4044-AEAA-C9EAFC2FA3E6}"
EndProject
Project("{2150E333-8FDC-42A3-9474-1A3956D46DE8}") = "ConnectionDialog", "ConnectionDialog", "{F9EBC963-6921-4790-98DB-53C5E63AA881}"
EndProject
Project("{9A19103F-16F7-4668-BE54-9A1E7A4F7556}") = "UiPath.Data.ConnectionUI.Dialog", "Database\ConnectionDialog\UiPath.Data.ConnectionUI.Dialog\UiPath.Data.ConnectionUI.Dialog.csproj", "{BA22A083-23F5-46B5-A037-9618D2E2D185}"
EndProject
Global
	GlobalSection(SharedMSBuildProjectFiles) = preSolution
		Shared\UiPath.Shared.Activities\UiPath.Shared.Activities.projitems*{e6d45fa7-57a7-4136-99c6-6ee89851f4cd}*SharedItemsImports = 5
	EndGlobalSection
	GlobalSection(SolutionConfigurationPlatforms) = preSolution
		Debug|Any CPU = Debug|Any CPU
		Debug|x64 = Debug|x64
		Debug|x86 = Debug|x86
		Release|Any CPU = Release|Any CPU
		Release|x64 = Release|x64
		Release|x86 = Release|x86
	EndGlobalSection
	GlobalSection(ProjectConfigurationPlatforms) = postSolution
		{BD4850CC-23BF-4BEA-933E-F1FD7C692451}.Debug|Any CPU.ActiveCfg = Debug|Any CPU
		{BD4850CC-23BF-4BEA-933E-F1FD7C692451}.Debug|Any CPU.Build.0 = Debug|Any CPU
		{BD4850CC-23BF-4BEA-933E-F1FD7C692451}.Debug|x64.ActiveCfg = Debug|x64
		{BD4850CC-23BF-4BEA-933E-F1FD7C692451}.Debug|x64.Build.0 = Debug|x64
		{BD4850CC-23BF-4BEA-933E-F1FD7C692451}.Debug|x86.ActiveCfg = Debug|x86
		{BD4850CC-23BF-4BEA-933E-F1FD7C692451}.Debug|x86.Build.0 = Debug|x86
		{BD4850CC-23BF-4BEA-933E-F1FD7C692451}.Release|Any CPU.ActiveCfg = Release|Any CPU
		{BD4850CC-23BF-4BEA-933E-F1FD7C692451}.Release|Any CPU.Build.0 = Release|Any CPU
		{BD4850CC-23BF-4BEA-933E-F1FD7C692451}.Release|x64.ActiveCfg = Release|x64
		{BD4850CC-23BF-4BEA-933E-F1FD7C692451}.Release|x64.Build.0 = Release|x64
		{BD4850CC-23BF-4BEA-933E-F1FD7C692451}.Release|x86.ActiveCfg = Release|x86
		{BD4850CC-23BF-4BEA-933E-F1FD7C692451}.Release|x86.Build.0 = Release|x86
		{E6D45FA7-57A7-4136-99C6-6EE89851F4CD}.Debug|Any CPU.ActiveCfg = Debug|Any CPU
		{E6D45FA7-57A7-4136-99C6-6EE89851F4CD}.Debug|Any CPU.Build.0 = Debug|Any CPU
		{E6D45FA7-57A7-4136-99C6-6EE89851F4CD}.Debug|x64.ActiveCfg = Debug|x64
		{E6D45FA7-57A7-4136-99C6-6EE89851F4CD}.Debug|x64.Build.0 = Debug|x64
		{E6D45FA7-57A7-4136-99C6-6EE89851F4CD}.Debug|x86.ActiveCfg = Debug|x86
		{E6D45FA7-57A7-4136-99C6-6EE89851F4CD}.Debug|x86.Build.0 = Debug|x86
		{E6D45FA7-57A7-4136-99C6-6EE89851F4CD}.Release|Any CPU.ActiveCfg = Release|Any CPU
		{E6D45FA7-57A7-4136-99C6-6EE89851F4CD}.Release|Any CPU.Build.0 = Release|Any CPU
		{E6D45FA7-57A7-4136-99C6-6EE89851F4CD}.Release|x64.ActiveCfg = Release|x64
		{E6D45FA7-57A7-4136-99C6-6EE89851F4CD}.Release|x64.Build.0 = Release|x64
		{E6D45FA7-57A7-4136-99C6-6EE89851F4CD}.Release|x86.ActiveCfg = Release|x86
		{E6D45FA7-57A7-4136-99C6-6EE89851F4CD}.Release|x86.Build.0 = Release|x86
		{AE083078-F322-408C-ABFC-F2C89BA8DE63}.Debug|Any CPU.ActiveCfg = Debug|Any CPU
		{AE083078-F322-408C-ABFC-F2C89BA8DE63}.Debug|Any CPU.Build.0 = Debug|Any CPU
		{AE083078-F322-408C-ABFC-F2C89BA8DE63}.Debug|x64.ActiveCfg = Debug|x64
		{AE083078-F322-408C-ABFC-F2C89BA8DE63}.Debug|x64.Build.0 = Debug|x64
		{AE083078-F322-408C-ABFC-F2C89BA8DE63}.Debug|x86.ActiveCfg = Debug|x86
		{AE083078-F322-408C-ABFC-F2C89BA8DE63}.Debug|x86.Build.0 = Debug|x86
		{AE083078-F322-408C-ABFC-F2C89BA8DE63}.Release|Any CPU.ActiveCfg = Release|Any CPU
		{AE083078-F322-408C-ABFC-F2C89BA8DE63}.Release|Any CPU.Build.0 = Release|Any CPU
		{AE083078-F322-408C-ABFC-F2C89BA8DE63}.Release|x64.ActiveCfg = Release|x64
		{AE083078-F322-408C-ABFC-F2C89BA8DE63}.Release|x64.Build.0 = Release|x64
		{AE083078-F322-408C-ABFC-F2C89BA8DE63}.Release|x86.ActiveCfg = Release|x86
		{AE083078-F322-408C-ABFC-F2C89BA8DE63}.Release|x86.Build.0 = Release|x86
		{4F6DE5DC-1E17-4713-AF82-BE99643D5326}.Debug|Any CPU.ActiveCfg = Debug|Any CPU
		{4F6DE5DC-1E17-4713-AF82-BE99643D5326}.Debug|Any CPU.Build.0 = Debug|Any CPU
		{4F6DE5DC-1E17-4713-AF82-BE99643D5326}.Debug|x64.ActiveCfg = Debug|x64
		{4F6DE5DC-1E17-4713-AF82-BE99643D5326}.Debug|x64.Build.0 = Debug|x64
		{4F6DE5DC-1E17-4713-AF82-BE99643D5326}.Debug|x86.ActiveCfg = Debug|x86
		{4F6DE5DC-1E17-4713-AF82-BE99643D5326}.Debug|x86.Build.0 = Debug|x86
		{4F6DE5DC-1E17-4713-AF82-BE99643D5326}.Release|Any CPU.ActiveCfg = Release|Any CPU
		{4F6DE5DC-1E17-4713-AF82-BE99643D5326}.Release|Any CPU.Build.0 = Release|Any CPU
		{4F6DE5DC-1E17-4713-AF82-BE99643D5326}.Release|x64.ActiveCfg = Release|x64
		{4F6DE5DC-1E17-4713-AF82-BE99643D5326}.Release|x64.Build.0 = Release|x64
		{4F6DE5DC-1E17-4713-AF82-BE99643D5326}.Release|x86.ActiveCfg = Release|x86
		{4F6DE5DC-1E17-4713-AF82-BE99643D5326}.Release|x86.Build.0 = Release|x86
		{9417D940-CA01-4044-AEAA-C9EAFC2FA3E6}.Debug|Any CPU.ActiveCfg = Debug|Any CPU
		{9417D940-CA01-4044-AEAA-C9EAFC2FA3E6}.Debug|Any CPU.Build.0 = Debug|Any CPU
		{9417D940-CA01-4044-AEAA-C9EAFC2FA3E6}.Debug|x64.ActiveCfg = Debug|x64
		{9417D940-CA01-4044-AEAA-C9EAFC2FA3E6}.Debug|x64.Build.0 = Debug|x64
		{9417D940-CA01-4044-AEAA-C9EAFC2FA3E6}.Debug|x86.ActiveCfg = Debug|x86
		{9417D940-CA01-4044-AEAA-C9EAFC2FA3E6}.Debug|x86.Build.0 = Debug|x86
		{9417D940-CA01-4044-AEAA-C9EAFC2FA3E6}.Release|Any CPU.ActiveCfg = Release|Any CPU
		{9417D940-CA01-4044-AEAA-C9EAFC2FA3E6}.Release|Any CPU.Build.0 = Release|Any CPU
		{9417D940-CA01-4044-AEAA-C9EAFC2FA3E6}.Release|x64.ActiveCfg = Release|x64
		{9417D940-CA01-4044-AEAA-C9EAFC2FA3E6}.Release|x64.Build.0 = Release|x64
		{9417D940-CA01-4044-AEAA-C9EAFC2FA3E6}.Release|x86.ActiveCfg = Release|x86
		{9417D940-CA01-4044-AEAA-C9EAFC2FA3E6}.Release|x86.Build.0 = Release|x86
		{BA22A083-23F5-46B5-A037-9618D2E2D185}.Debug|Any CPU.ActiveCfg = Debug|Any CPU
		{BA22A083-23F5-46B5-A037-9618D2E2D185}.Debug|Any CPU.Build.0 = Debug|Any CPU
		{BA22A083-23F5-46B5-A037-9618D2E2D185}.Debug|x64.ActiveCfg = Debug|x64
		{BA22A083-23F5-46B5-A037-9618D2E2D185}.Debug|x64.Build.0 = Debug|x64
		{BA22A083-23F5-46B5-A037-9618D2E2D185}.Debug|x86.ActiveCfg = Debug|x86
		{BA22A083-23F5-46B5-A037-9618D2E2D185}.Debug|x86.Build.0 = Debug|x86
		{BA22A083-23F5-46B5-A037-9618D2E2D185}.Release|Any CPU.ActiveCfg = Release|Any CPU
		{BA22A083-23F5-46B5-A037-9618D2E2D185}.Release|Any CPU.Build.0 = Release|Any CPU
		{BA22A083-23F5-46B5-A037-9618D2E2D185}.Release|x64.ActiveCfg = Release|x64
		{BA22A083-23F5-46B5-A037-9618D2E2D185}.Release|x64.Build.0 = Release|x64
		{BA22A083-23F5-46B5-A037-9618D2E2D185}.Release|x86.ActiveCfg = Release|x86
		{BA22A083-23F5-46B5-A037-9618D2E2D185}.Release|x86.Build.0 = Release|x86
	EndGlobalSection
	GlobalSection(SolutionProperties) = preSolution
		HideSolutionNode = FALSE
	EndGlobalSection
	GlobalSection(NestedProjects) = preSolution
		{BA22A083-23F5-46B5-A037-9618D2E2D185} = {F9EBC963-6921-4790-98DB-53C5E63AA881}
	EndGlobalSection
	GlobalSection(ExtensibilityGlobals) = postSolution
		SolutionGuid = {5AC55779-EA32-41AD-BAAD-1808F8A412CB}
	EndGlobalSection
EndGlobal
