
Microsoft Visual Studio Solution File, Format Version 12.00
# Visual Studio 15
VisualStudioVersion = 15.0.27130.2036
MinimumVisualStudioVersion = 10.0.40219.1
Project("{2150E333-8FDC-42A3-9474-1A3956D46DE8}") = ".nuget", ".nuget", "{92E6CB4E-6542-419B-B674-7D8B9FB02BD2}"
	ProjectSection(SolutionItems) = preProject
		.nuget\NuGet.Config = .nuget\NuGet.Config
		.nuget\NuGet.exe = .nuget\NuGet.exe
		.nuget\NuGet.targets = .nuget\NuGet.targets
	EndProjectSection
EndProject
Project("{2150E333-8FDC-42A3-9474-1A3956D46DE8}") = "GoogleSpreadsheet", "GoogleSpreadsheet", "{A33C1A73-4FD5-499F-9742-001AC852D96E}"
EndProject
Project("{FAE04EC0-301F-11D3-BF4B-00C04F79EFBC}") = "GoogleSpreadsheet.Activities", "GoogleSpreadsheet\GoogleSpreadsheet.Activities\GoogleSpreadsheet.Activities.csproj", "{42BF8242-66AC-43B3-827A-F69DE1A15310}"
EndProject
Project("{FAE04EC0-301F-11D3-BF4B-00C04F79EFBC}") = "GoogleSpreadsheet.Activities.Design", "GoogleSpreadsheet\GoogleSpreadsheet.Activities.Design\GoogleSpreadsheet.Activities.Design.csproj", "{EEE91FF5-B3AA-4DB7-BDED-9046BC0EB5E5}"
EndProject
Project("{FAE04EC0-301F-11D3-BF4B-00C04F79EFBC}") = "GoogleSpreadsheet.Activities.UnitTest", "GoogleSpreadsheet\GoogleSpreadsheet.Activities.UnitTest\GoogleSpreadsheet.Activities.UnitTest.csproj", "{FF53D74C-98C1-4486-8548-C1B6FAA45133}"
EndProject
Project("{2150E333-8FDC-42A3-9474-1A3956D46DE8}") = "Script", "Script", "{0B0557F4-1337-43CE-A070-AB63D04435EC}"
EndProject
Project("{FAE04EC0-301F-11D3-BF4B-00C04F79EFBC}") = "UiPath.Script.Activities.Design", "Script\UiPath.Script.Activities.Design\UiPath.Script.Activities.Design.csproj", "{EADDCFB3-FCC2-4BD8-AA70-552EF91098A5}"
EndProject
Project("{FAE04EC0-301F-11D3-BF4B-00C04F79EFBC}") = "UiPath.Script.Activities", "Script\UiPath.Script.Activities\UiPath.Script.Activities.csproj", "{D3FB95AA-DA87-4C7F-91FB-3CF4A74CE814}"
EndProject
Project("{FAE04EC0-301F-11D3-BF4B-00C04F79EFBC}") = "UiPath.Script", "Script\UiPath.Script\UiPath.Script.csproj", "{75025F8E-52CC-4300-B46F-3DA5B8CBC4E8}"
EndProject
Project("{FAE04EC0-301F-11D3-BF4B-00C04F79EFBC}") = "AutoHotkey.Interop", "Script\AutoHotkey.Interop\AutoHotkey.Interop.csproj", "{2869DBFE-7762-4930-95EA-2B0C111CF353}"
EndProject
Project("{2150E333-8FDC-42A3-9474-1A3956D46DE8}") = "Credentials", "Credentials", "{D5226852-11EA-497E-9C0E-DFFCB97E9BB6}"
EndProject
Project("{FAE04EC0-301F-11D3-BF4B-00C04F79EFBC}") = "UiPath.Credentials.Activities", "Credentials\UiPath.Credentials.Activities\UiPath.Credentials.Activities.csproj", "{ACB02213-A7C2-4BCA-ACE2-2BFAD6E0E54C}"
EndProject
Project("{2150E333-8FDC-42A3-9474-1A3956D46DE8}") = "FTP", "FTP", "{099CA148-FA0A-44E4-8C8A-CAF7B106897E}"
EndProject
Project("{FAE04EC0-301F-11D3-BF4B-00C04F79EFBC}") = "UiPath.FTP", "FTP\UiPath.FTP\UiPath.FTP.csproj", "{E9137637-B657-4C22-85A5-2E30ADF82566}"
EndProject
Project("{FAE04EC0-301F-11D3-BF4B-00C04F79EFBC}") = "UiPath.FTP.Activities", "FTP\UiPath.FTP.Activities\UiPath.FTP.Activities.csproj", "{FDFC92EE-090C-4E23-9422-F90EB94C43DD}"
EndProject
Project("{FAE04EC0-301F-11D3-BF4B-00C04F79EFBC}") = "UiPath.FTP.Activities.Design", "FTP\UiPath.FTP.Activities.Design\UiPath.FTP.Activities.Design.csproj", "{7D1DC1A6-AA81-4E6A-9081-97BF21662F4E}"
EndProject
Project("{2150E333-8FDC-42A3-9474-1A3956D46DE8}") = "Shared", "Shared", "{4B6FEFA2-F51E-4577-858E-320B8A094289}"
EndProject
Project("{D954291E-2A0B-460D-934E-DC6B0785DB48}") = "UiPath.Shared.Activities", "Shared\UiPath.Shared.Activities\UiPath.Shared.Activities.shproj", "{4E20C041-2F59-408E-ADB3-0BCFAB48DE61}"
EndProject
Project("{FAE04EC0-301F-11D3-BF4B-00C04F79EFBC}") = "UiPath.Shared.Activities.Tests", "Shared\UiPath.Shared.Activities.Tests\UiPath.Shared.Activities.Tests.csproj", "{7421A593-343B-4D49-AFBE-A1B8BE179CE2}"
EndProject
Project("{FAE04EC0-301F-11D3-BF4B-00C04F79EFBC}") = "UiPath.Twilio.Activities", "Twilio\UiPath.Twilio.Activities\UiPath.Twilio.Activities.csproj", "{6C7B3FE3-8F7C-46C4-ABF2-B7B1A0E70B77}"
EndProject
Project("{2150E333-8FDC-42A3-9474-1A3956D46DE8}") = "Twilio", "Twilio", "{602B04F4-9C71-4CF0-9500-A25BB1AFC12D}"
EndProject
Project("{FAE04EC0-301F-11D3-BF4B-00C04F79EFBC}") = "GoogleSpreadsheet", "GoogleSpreadsheet\GoogleSpreadsheet\GoogleSpreadsheet.csproj", "{27EC779B-47AA-42C6-83E4-B101F6B286E2}"
EndProject
Project("{2150E333-8FDC-42A3-9474-1A3956D46DE8}") = "Database", "Database", "{ED3DF9E3-2366-483E-9124-3FA8766EEF77}"
EndProject
Project("{FAE04EC0-301F-11D3-BF4B-00C04F79EFBC}") = "UiPath.Database", "Database\UiPath.Database\UiPath.Database.csproj", "{BD4850CC-23BF-4BEA-933E-F1FD7C692451}"
EndProject
Project("{FAE04EC0-301F-11D3-BF4B-00C04F79EFBC}") = "UiPath.Database.Activities", "Database\UiPath.Database.Activities\UiPath.Database.Activities.csproj", "{E6D45FA7-57A7-4136-99C6-6EE89851F4CD}"
EndProject
Project("{FAE04EC0-301F-11D3-BF4B-00C04F79EFBC}") = "UiPath.Database.Activities.Design", "Database\UiPath.Database.Activities.Design\UiPath.Database.Activities.Design.csproj", "{AE083078-F322-408C-ABFC-F2C89BA8DE63}"
EndProject
Project("{FAE04EC0-301F-11D3-BF4B-00C04F79EFBC}") = "UiPath.Database.Tests", "Database\UiPath.Database.Tests\UiPath.Database.Tests.csproj", "{4F6DE5DC-1E17-4713-AF82-BE99643D5326}"
EndProject
Project("{2150E333-8FDC-42A3-9474-1A3956D46DE8}") = "Cryptography", "Cryptography", "{FBD4F6B1-98F2-4985-9111-C65C5A1C8D75}"
EndProject
Project("{D954291E-2A0B-460D-934E-DC6B0785DB48}") = "UiPath.Shared", "Shared\UiPath.Shared\UiPath.Shared.shproj", "{2E040804-8ED9-4FB8-BB8A-4A38479E2A9E}"
EndProject
Project("{FAE04EC0-301F-11D3-BF4B-00C04F79EFBC}") = "UiPath.Cryptography", "Cryptography\UiPath.Cryptography\UiPath.Cryptography.csproj", "{92E8345E-2CA1-439D-926D-D979893840F5}"
EndProject
Project("{FAE04EC0-301F-11D3-BF4B-00C04F79EFBC}") = "UiPath.Cryptography.Activities", "Cryptography\UiPath.Cryptography.Activities\UiPath.Cryptography.Activities.csproj", "{F6A198C8-1940-4CAE-A0D3-D4E707F3B0A3}"
EndProject
Project("{FAE04EC0-301F-11D3-BF4B-00C04F79EFBC}") = "UiPath.Cryptography.Activities.Design", "Cryptography\UiPath.Cryptography.Activities.Design\UiPath.Cryptography.Activities.Design.csproj", "{2629567D-4737-4A1B-9876-F00C948270E3}"
EndProject
Project("{FAE04EC0-301F-11D3-BF4B-00C04F79EFBC}") = "UiPath.Cryptography.Activities.Tests", "Cryptography\UiPath.Cryptography.Activities.Tests\UiPath.Cryptography.Activities.Tests.csproj", "{32563B0E-C9B0-468F-85CC-04BB4802FE37}"
EndProject
Project("{2150E333-8FDC-42A3-9474-1A3956D46DE8}") = "Java", "Java", "{C94C49B6-DB81-47C2-BD39-72376423F2F0}"
EndProject
Project("{FAE04EC0-301F-11D3-BF4B-00C04F79EFBC}") = "UiPath.Java", "Java\UiPath.Java\UiPath.Java.csproj", "{89957ABF-8A15-484A-94BA-6565969046AD}"
EndProject
Project("{FAE04EC0-301F-11D3-BF4B-00C04F79EFBC}") = "UiPath.Java.Activities", "Java\UiPath.Java.Activities\UiPath.Java.Activities.csproj", "{7747A478-8986-4A56-8342-093752FC07C3}"
EndProject
Project("{D954291E-2A0B-460D-934E-DC6B0785DB48}") = "UiPath.Shared.Activities.Design", "Shared\UiPath.Shared.Activities.Design\UiPath.Shared.Activities.Design.shproj", "{7FE013FD-58BD-4D0D-A9D0-BE7849CA4E65}"
EndProject
Project("{FAE04EC0-301F-11D3-BF4B-00C04F79EFBC}") = "UiPath.Java.Activities.Design", "Java\UiPath.Java.Activities.Design\UiPath.Java.Activities.Design.csproj", "{5E102B9E-DCEF-4D8B-8A02-3FDF0FCC0D59}"
EndProject
Project("{FAE04EC0-301F-11D3-BF4B-00C04F79EFBC}") = "UiPath.Java.Test", "Java\UiPath.Java.Test\UiPath.Java.Test.csproj", "{49C33D77-EADB-4F07-A1A2-91B88F531E8D}"
EndProject
Project("{2150E333-8FDC-42A3-9474-1A3956D46DE8}") = "Python", "Python", "{913E6ED1-5915-4C4C-85BE-94E8CEE315FF}"
EndProject
Project("{D954291E-2A0B-460D-934E-DC6B0785DB48}") = "UiPath.Shared.Service", "Shared\UiPath.Shared.Service\UiPath.Shared.Service.shproj", "{A6A27646-4889-4F95-A0DF-DD78D287388F}"
EndProject
Project("{FAE04EC0-301F-11D3-BF4B-00C04F79EFBC}") = "UiPath.Python", "Python\UiPath.Python\UiPath.Python.csproj", "{A1783EAB-5BAF-49F1-8372-B467B57063CC}"
EndProject
Project("{FAE04EC0-301F-11D3-BF4B-00C04F79EFBC}") = "UiPath.Python.Activities", "Python\UiPath.Python.Activities\UiPath.Python.Activities.csproj", "{E270608B-BA9E-4972-A18E-34B93E6552B4}"
EndProject
Project("{FAE04EC0-301F-11D3-BF4B-00C04F79EFBC}") = "UiPath.Python.Activities.Design", "Python\UiPath.Python.Activities.Design\UiPath.Python.Activities.Design.csproj", "{E116C90E-C6A0-4292-B1FF-E0746FFE95D5}"
EndProject
Project("{FAE04EC0-301F-11D3-BF4B-00C04F79EFBC}") = "UiPath.Python.Host", "Python\UiPath.Python.Host\UiPath.Python.Host.csproj", "{0FBF5F7E-2AE4-4F4A-84CB-26B3A9E3119C}"
EndProject
Project("{D954291E-2A0B-460D-934E-DC6B0785DB48}") = "UiPath.Python.Host.Shared", "Python\UiPath.Python.Host.Shared\UiPath.Python.Host.Shared.shproj", "{25FF4279-6EE6-441E-9D40-A40DB81CB57C}"
EndProject
Project("{FAE04EC0-301F-11D3-BF4B-00C04F79EFBC}") = "UiPath.Python.Host32", "Python\UiPath.Python.Host32\UiPath.Python.Host32.csproj", "{BCBA78DF-1513-44D3-83B3-37655A7F3887}"
EndProject
Project("{FAE04EC0-301F-11D3-BF4B-00C04F79EFBC}") = "UiPath.Python.Tests", "Python\UiPath.Python.Tests\UiPath.Python.Tests.csproj", "{9E913818-9270-4570-A8F4-80812EBFA09E}"
EndProject
Project("{FAE04EC0-301F-11D3-BF4B-00C04F79EFBC}") = "UiPath.TestUtils", "Shared\UiPath.TestUtils\UiPath.TestUtils.csproj", "{D2C94889-1E86-4ABD-9D5E-631B3463DA86}"
EndProject
Global
	GlobalSection(SharedMSBuildProjectFiles) = preSolution
		Python\UiPath.Python.Host.Shared\UiPath.Python.Host.Shared.projitems*{0fbf5f7e-2ae4-4f4a-84cb-26b3a9e3119c}*SharedItemsImports = 4
		Shared\UiPath.Shared.Service\UiPath.Shared.Service.projitems*{0fbf5f7e-2ae4-4f4a-84cb-26b3a9e3119c}*SharedItemsImports = 4
		Python\UiPath.Python.Host.Shared\UiPath.Python.Host.Shared.projitems*{25ff4279-6ee6-441e-9d40-a40db81cb57c}*SharedItemsImports = 13
		Shared\UiPath.Shared\UiPath.Shared.projitems*{2e040804-8ed9-4fb8-bb8a-4a38479e2a9e}*SharedItemsImports = 13
		Shared\UiPath.Shared.Activities\UiPath.Shared.Activities.projitems*{4e20c041-2f59-408e-adb3-0bcfab48de61}*SharedItemsImports = 13
		Shared\UiPath.Shared.Activities.Design\UiPath.Shared.Activities.Design.projitems*{5e102b9e-dcef-4d8b-8a02-3fdf0fcc0d59}*SharedItemsImports = 4
		Shared\UiPath.Shared.Activities\UiPath.Shared.Activities.projitems*{7421a593-343b-4d49-afbe-a1b8be179ce2}*SharedItemsImports = 4
		Shared\UiPath.Shared.Activities\UiPath.Shared.Activities.projitems*{7747a478-8986-4a56-8342-093752fc07c3}*SharedItemsImports = 4
		Shared\UiPath.Shared\UiPath.Shared.projitems*{7747a478-8986-4a56-8342-093752fc07c3}*SharedItemsImports = 4
		Shared\UiPath.Shared.Activities.Design\UiPath.Shared.Activities.Design.projitems*{7fe013fd-58bd-4d0d-a9d0-be7849ca4e65}*SharedItemsImports = 13
		Shared\UiPath.Shared\UiPath.Shared.projitems*{92e8345e-2ca1-439d-926d-d979893840f5}*SharedItemsImports = 4
		Shared\UiPath.Shared.Service\UiPath.Shared.Service.projitems*{a1783eab-5baf-49f1-8372-b467b57063cc}*SharedItemsImports = 4
		Shared\UiPath.Shared\UiPath.Shared.projitems*{a1783eab-5baf-49f1-8372-b467b57063cc}*SharedItemsImports = 4
		Shared\UiPath.Shared.Service\UiPath.Shared.Service.projitems*{a6a27646-4889-4f95-a0df-dd78d287388f}*SharedItemsImports = 13
		Python\UiPath.Python.Host.Shared\UiPath.Python.Host.Shared.projitems*{bcba78df-1513-44d3-83b3-37655a7f3887}*SharedItemsImports = 4
		Shared\UiPath.Shared.Service\UiPath.Shared.Service.projitems*{bcba78df-1513-44d3-83b3-37655a7f3887}*SharedItemsImports = 4
		Shared\UiPath.Shared.Activities.Design\UiPath.Shared.Activities.Design.projitems*{e116c90e-c6a0-4292-b1ff-e0746ffe95d5}*SharedItemsImports = 4
		Shared\UiPath.Shared.Activities\UiPath.Shared.Activities.projitems*{e270608b-ba9e-4972-a18e-34b93e6552b4}*SharedItemsImports = 4
		Shared\UiPath.Shared.Activities\UiPath.Shared.Activities.projitems*{fdfc92ee-090c-4e23-9422-f90eb94c43dd}*SharedItemsImports = 4
	EndGlobalSection
	GlobalSection(SolutionConfigurationPlatforms) = preSolution
		Debug|AnyCPU = Debug|AnyCPU
		Debug|x64 = Debug|x64
		Release|AnyCPU = Release|AnyCPU
		Release|x64 = Release|x64
	EndGlobalSection
	GlobalSection(ProjectConfigurationPlatforms) = postSolution
		{42BF8242-66AC-43B3-827A-F69DE1A15310}.Debug|AnyCPU.ActiveCfg = Debug|AnyCPU
		{42BF8242-66AC-43B3-827A-F69DE1A15310}.Debug|AnyCPU.Build.0 = Debug|AnyCPU
		{42BF8242-66AC-43B3-827A-F69DE1A15310}.Debug|x64.ActiveCfg = Debug|AnyCPU
		{42BF8242-66AC-43B3-827A-F69DE1A15310}.Debug|x64.Build.0 = Debug|AnyCPU
		{42BF8242-66AC-43B3-827A-F69DE1A15310}.Release|AnyCPU.ActiveCfg = Release|AnyCPU
		{42BF8242-66AC-43B3-827A-F69DE1A15310}.Release|AnyCPU.Build.0 = Release|AnyCPU
		{42BF8242-66AC-43B3-827A-F69DE1A15310}.Release|x64.ActiveCfg = Release|AnyCPU
		{42BF8242-66AC-43B3-827A-F69DE1A15310}.Release|x64.Build.0 = Release|AnyCPU
		{EEE91FF5-B3AA-4DB7-BDED-9046BC0EB5E5}.Debug|AnyCPU.ActiveCfg = Debug|AnyCPU
		{EEE91FF5-B3AA-4DB7-BDED-9046BC0EB5E5}.Debug|AnyCPU.Build.0 = Debug|AnyCPU
		{EEE91FF5-B3AA-4DB7-BDED-9046BC0EB5E5}.Debug|x64.ActiveCfg = Debug|AnyCPU
		{EEE91FF5-B3AA-4DB7-BDED-9046BC0EB5E5}.Debug|x64.Build.0 = Debug|AnyCPU
		{EEE91FF5-B3AA-4DB7-BDED-9046BC0EB5E5}.Release|AnyCPU.ActiveCfg = Release|AnyCPU
		{EEE91FF5-B3AA-4DB7-BDED-9046BC0EB5E5}.Release|AnyCPU.Build.0 = Release|AnyCPU
		{EEE91FF5-B3AA-4DB7-BDED-9046BC0EB5E5}.Release|x64.ActiveCfg = Release|AnyCPU
		{EEE91FF5-B3AA-4DB7-BDED-9046BC0EB5E5}.Release|x64.Build.0 = Release|AnyCPU
		{FF53D74C-98C1-4486-8548-C1B6FAA45133}.Debug|AnyCPU.ActiveCfg = Debug|AnyCPU
		{FF53D74C-98C1-4486-8548-C1B6FAA45133}.Debug|AnyCPU.Build.0 = Debug|AnyCPU
		{FF53D74C-98C1-4486-8548-C1B6FAA45133}.Debug|x64.ActiveCfg = Debug|AnyCPU
		{FF53D74C-98C1-4486-8548-C1B6FAA45133}.Debug|x64.Build.0 = Debug|AnyCPU
		{FF53D74C-98C1-4486-8548-C1B6FAA45133}.Release|AnyCPU.ActiveCfg = Release|AnyCPU
		{FF53D74C-98C1-4486-8548-C1B6FAA45133}.Release|AnyCPU.Build.0 = Release|AnyCPU
		{FF53D74C-98C1-4486-8548-C1B6FAA45133}.Release|x64.ActiveCfg = Release|AnyCPU
		{FF53D74C-98C1-4486-8548-C1B6FAA45133}.Release|x64.Build.0 = Release|AnyCPU
		{EADDCFB3-FCC2-4BD8-AA70-552EF91098A5}.Debug|AnyCPU.ActiveCfg = Debug|AnyCPU
		{EADDCFB3-FCC2-4BD8-AA70-552EF91098A5}.Debug|AnyCPU.Build.0 = Debug|AnyCPU
		{EADDCFB3-FCC2-4BD8-AA70-552EF91098A5}.Debug|x64.ActiveCfg = Debug|AnyCPU
		{EADDCFB3-FCC2-4BD8-AA70-552EF91098A5}.Debug|x64.Build.0 = Debug|AnyCPU
		{EADDCFB3-FCC2-4BD8-AA70-552EF91098A5}.Release|AnyCPU.ActiveCfg = Release|AnyCPU
		{EADDCFB3-FCC2-4BD8-AA70-552EF91098A5}.Release|AnyCPU.Build.0 = Release|AnyCPU
		{EADDCFB3-FCC2-4BD8-AA70-552EF91098A5}.Release|x64.ActiveCfg = Release|AnyCPU
		{EADDCFB3-FCC2-4BD8-AA70-552EF91098A5}.Release|x64.Build.0 = Release|AnyCPU
		{D3FB95AA-DA87-4C7F-91FB-3CF4A74CE814}.Debug|AnyCPU.ActiveCfg = Debug|AnyCPU
		{D3FB95AA-DA87-4C7F-91FB-3CF4A74CE814}.Debug|AnyCPU.Build.0 = Debug|AnyCPU
		{D3FB95AA-DA87-4C7F-91FB-3CF4A74CE814}.Debug|x64.ActiveCfg = Debug|AnyCPU
		{D3FB95AA-DA87-4C7F-91FB-3CF4A74CE814}.Debug|x64.Build.0 = Debug|AnyCPU
		{D3FB95AA-DA87-4C7F-91FB-3CF4A74CE814}.Release|AnyCPU.ActiveCfg = Release|AnyCPU
		{D3FB95AA-DA87-4C7F-91FB-3CF4A74CE814}.Release|AnyCPU.Build.0 = Release|AnyCPU
		{D3FB95AA-DA87-4C7F-91FB-3CF4A74CE814}.Release|x64.ActiveCfg = Release|AnyCPU
		{D3FB95AA-DA87-4C7F-91FB-3CF4A74CE814}.Release|x64.Build.0 = Release|AnyCPU
		{75025F8E-52CC-4300-B46F-3DA5B8CBC4E8}.Debug|AnyCPU.ActiveCfg = Debug|AnyCPU
		{75025F8E-52CC-4300-B46F-3DA5B8CBC4E8}.Debug|AnyCPU.Build.0 = Debug|AnyCPU
		{75025F8E-52CC-4300-B46F-3DA5B8CBC4E8}.Debug|x64.ActiveCfg = Debug|AnyCPU
		{75025F8E-52CC-4300-B46F-3DA5B8CBC4E8}.Debug|x64.Build.0 = Debug|AnyCPU
		{75025F8E-52CC-4300-B46F-3DA5B8CBC4E8}.Release|AnyCPU.ActiveCfg = Release|AnyCPU
		{75025F8E-52CC-4300-B46F-3DA5B8CBC4E8}.Release|AnyCPU.Build.0 = Release|AnyCPU
		{75025F8E-52CC-4300-B46F-3DA5B8CBC4E8}.Release|x64.ActiveCfg = Release|AnyCPU
		{75025F8E-52CC-4300-B46F-3DA5B8CBC4E8}.Release|x64.Build.0 = Release|AnyCPU
		{2869DBFE-7762-4930-95EA-2B0C111CF353}.Debug|AnyCPU.ActiveCfg = Debug|AnyCPU
		{2869DBFE-7762-4930-95EA-2B0C111CF353}.Debug|AnyCPU.Build.0 = Debug|AnyCPU
		{2869DBFE-7762-4930-95EA-2B0C111CF353}.Debug|x64.ActiveCfg = Debug|x64
		{2869DBFE-7762-4930-95EA-2B0C111CF353}.Debug|x64.Build.0 = Debug|x64
		{2869DBFE-7762-4930-95EA-2B0C111CF353}.Release|AnyCPU.ActiveCfg = Release|AnyCPU
		{2869DBFE-7762-4930-95EA-2B0C111CF353}.Release|AnyCPU.Build.0 = Release|AnyCPU
		{2869DBFE-7762-4930-95EA-2B0C111CF353}.Release|x64.ActiveCfg = Release|x64
		{2869DBFE-7762-4930-95EA-2B0C111CF353}.Release|x64.Build.0 = Release|x64
		{ACB02213-A7C2-4BCA-ACE2-2BFAD6E0E54C}.Debug|AnyCPU.ActiveCfg = Debug|AnyCPU
		{ACB02213-A7C2-4BCA-ACE2-2BFAD6E0E54C}.Debug|AnyCPU.Build.0 = Debug|AnyCPU
		{ACB02213-A7C2-4BCA-ACE2-2BFAD6E0E54C}.Debug|x64.ActiveCfg = Debug|AnyCPU
		{ACB02213-A7C2-4BCA-ACE2-2BFAD6E0E54C}.Debug|x64.Build.0 = Debug|AnyCPU
		{ACB02213-A7C2-4BCA-ACE2-2BFAD6E0E54C}.Release|AnyCPU.ActiveCfg = Release|AnyCPU
		{ACB02213-A7C2-4BCA-ACE2-2BFAD6E0E54C}.Release|AnyCPU.Build.0 = Release|AnyCPU
		{ACB02213-A7C2-4BCA-ACE2-2BFAD6E0E54C}.Release|x64.ActiveCfg = Release|AnyCPU
		{ACB02213-A7C2-4BCA-ACE2-2BFAD6E0E54C}.Release|x64.Build.0 = Release|AnyCPU
		{E9137637-B657-4C22-85A5-2E30ADF82566}.Debug|AnyCPU.ActiveCfg = Debug|AnyCPU
		{E9137637-B657-4C22-85A5-2E30ADF82566}.Debug|AnyCPU.Build.0 = Debug|AnyCPU
		{E9137637-B657-4C22-85A5-2E30ADF82566}.Debug|x64.ActiveCfg = Debug|AnyCPU
		{E9137637-B657-4C22-85A5-2E30ADF82566}.Debug|x64.Build.0 = Debug|AnyCPU
		{E9137637-B657-4C22-85A5-2E30ADF82566}.Release|AnyCPU.ActiveCfg = Release|AnyCPU
		{E9137637-B657-4C22-85A5-2E30ADF82566}.Release|AnyCPU.Build.0 = Release|AnyCPU
		{E9137637-B657-4C22-85A5-2E30ADF82566}.Release|x64.ActiveCfg = Release|AnyCPU
		{E9137637-B657-4C22-85A5-2E30ADF82566}.Release|x64.Build.0 = Release|AnyCPU
		{FDFC92EE-090C-4E23-9422-F90EB94C43DD}.Debug|AnyCPU.ActiveCfg = Debug|AnyCPU
		{FDFC92EE-090C-4E23-9422-F90EB94C43DD}.Debug|AnyCPU.Build.0 = Debug|AnyCPU
		{FDFC92EE-090C-4E23-9422-F90EB94C43DD}.Debug|x64.ActiveCfg = Debug|AnyCPU
		{FDFC92EE-090C-4E23-9422-F90EB94C43DD}.Debug|x64.Build.0 = Debug|AnyCPU
		{FDFC92EE-090C-4E23-9422-F90EB94C43DD}.Release|AnyCPU.ActiveCfg = Release|AnyCPU
		{FDFC92EE-090C-4E23-9422-F90EB94C43DD}.Release|AnyCPU.Build.0 = Release|AnyCPU
		{FDFC92EE-090C-4E23-9422-F90EB94C43DD}.Release|x64.ActiveCfg = Release|AnyCPU
		{FDFC92EE-090C-4E23-9422-F90EB94C43DD}.Release|x64.Build.0 = Release|AnyCPU
		{7D1DC1A6-AA81-4E6A-9081-97BF21662F4E}.Debug|AnyCPU.ActiveCfg = Debug|AnyCPU
		{7D1DC1A6-AA81-4E6A-9081-97BF21662F4E}.Debug|AnyCPU.Build.0 = Debug|AnyCPU
		{7D1DC1A6-AA81-4E6A-9081-97BF21662F4E}.Debug|x64.ActiveCfg = Debug|AnyCPU
		{7D1DC1A6-AA81-4E6A-9081-97BF21662F4E}.Debug|x64.Build.0 = Debug|AnyCPU
		{7D1DC1A6-AA81-4E6A-9081-97BF21662F4E}.Release|AnyCPU.ActiveCfg = Release|AnyCPU
		{7D1DC1A6-AA81-4E6A-9081-97BF21662F4E}.Release|AnyCPU.Build.0 = Release|AnyCPU
		{7D1DC1A6-AA81-4E6A-9081-97BF21662F4E}.Release|x64.ActiveCfg = Release|AnyCPU
		{7D1DC1A6-AA81-4E6A-9081-97BF21662F4E}.Release|x64.Build.0 = Release|AnyCPU
		{7421A593-343B-4D49-AFBE-A1B8BE179CE2}.Debug|AnyCPU.ActiveCfg = Debug|AnyCPU
		{7421A593-343B-4D49-AFBE-A1B8BE179CE2}.Debug|AnyCPU.Build.0 = Debug|AnyCPU
		{7421A593-343B-4D49-AFBE-A1B8BE179CE2}.Debug|x64.ActiveCfg = Debug|AnyCPU
		{7421A593-343B-4D49-AFBE-A1B8BE179CE2}.Debug|x64.Build.0 = Debug|AnyCPU
		{7421A593-343B-4D49-AFBE-A1B8BE179CE2}.Release|AnyCPU.ActiveCfg = Release|AnyCPU
		{7421A593-343B-4D49-AFBE-A1B8BE179CE2}.Release|AnyCPU.Build.0 = Release|AnyCPU
		{7421A593-343B-4D49-AFBE-A1B8BE179CE2}.Release|x64.ActiveCfg = Release|AnyCPU
		{7421A593-343B-4D49-AFBE-A1B8BE179CE2}.Release|x64.Build.0 = Release|AnyCPU
		{6C7B3FE3-8F7C-46C4-ABF2-B7B1A0E70B77}.Debug|AnyCPU.ActiveCfg = Debug|AnyCPU
		{6C7B3FE3-8F7C-46C4-ABF2-B7B1A0E70B77}.Debug|AnyCPU.Build.0 = Debug|AnyCPU
		{6C7B3FE3-8F7C-46C4-ABF2-B7B1A0E70B77}.Debug|x64.ActiveCfg = Debug|AnyCPU
		{6C7B3FE3-8F7C-46C4-ABF2-B7B1A0E70B77}.Debug|x64.Build.0 = Debug|AnyCPU
		{6C7B3FE3-8F7C-46C4-ABF2-B7B1A0E70B77}.Release|AnyCPU.ActiveCfg = Release|AnyCPU
		{6C7B3FE3-8F7C-46C4-ABF2-B7B1A0E70B77}.Release|AnyCPU.Build.0 = Release|AnyCPU
		{6C7B3FE3-8F7C-46C4-ABF2-B7B1A0E70B77}.Release|x64.ActiveCfg = Release|AnyCPU
		{6C7B3FE3-8F7C-46C4-ABF2-B7B1A0E70B77}.Release|x64.Build.0 = Release|AnyCPU
		{27EC779B-47AA-42C6-83E4-B101F6B286E2}.Debug|AnyCPU.ActiveCfg = Debug|AnyCPU
		{27EC779B-47AA-42C6-83E4-B101F6B286E2}.Debug|AnyCPU.Build.0 = Debug|AnyCPU
		{27EC779B-47AA-42C6-83E4-B101F6B286E2}.Debug|x64.ActiveCfg = Debug|AnyCPU
		{27EC779B-47AA-42C6-83E4-B101F6B286E2}.Debug|x64.Build.0 = Debug|AnyCPU
		{27EC779B-47AA-42C6-83E4-B101F6B286E2}.Release|AnyCPU.ActiveCfg = Release|AnyCPU
		{27EC779B-47AA-42C6-83E4-B101F6B286E2}.Release|AnyCPU.Build.0 = Release|AnyCPU
		{27EC779B-47AA-42C6-83E4-B101F6B286E2}.Release|x64.ActiveCfg = Release|AnyCPU
		{27EC779B-47AA-42C6-83E4-B101F6B286E2}.Release|x64.Build.0 = Release|AnyCPU
		{BD4850CC-23BF-4BEA-933E-F1FD7C692451}.Debug|AnyCPU.ActiveCfg = Debug|AnyCPU
		{BD4850CC-23BF-4BEA-933E-F1FD7C692451}.Debug|AnyCPU.Build.0 = Debug|AnyCPU
		{BD4850CC-23BF-4BEA-933E-F1FD7C692451}.Debug|x64.ActiveCfg = Debug|AnyCPU
		{BD4850CC-23BF-4BEA-933E-F1FD7C692451}.Debug|x64.Build.0 = Debug|AnyCPU
		{BD4850CC-23BF-4BEA-933E-F1FD7C692451}.Release|AnyCPU.ActiveCfg = Release|AnyCPU
		{BD4850CC-23BF-4BEA-933E-F1FD7C692451}.Release|AnyCPU.Build.0 = Release|AnyCPU
		{BD4850CC-23BF-4BEA-933E-F1FD7C692451}.Release|x64.ActiveCfg = Release|AnyCPU
		{BD4850CC-23BF-4BEA-933E-F1FD7C692451}.Release|x64.Build.0 = Release|AnyCPU
		{E6D45FA7-57A7-4136-99C6-6EE89851F4CD}.Debug|AnyCPU.ActiveCfg = Debug|AnyCPU
		{E6D45FA7-57A7-4136-99C6-6EE89851F4CD}.Debug|AnyCPU.Build.0 = Debug|AnyCPU
		{E6D45FA7-57A7-4136-99C6-6EE89851F4CD}.Debug|x64.ActiveCfg = Debug|AnyCPU
		{E6D45FA7-57A7-4136-99C6-6EE89851F4CD}.Debug|x64.Build.0 = Debug|AnyCPU
		{E6D45FA7-57A7-4136-99C6-6EE89851F4CD}.Release|AnyCPU.ActiveCfg = Release|AnyCPU
		{E6D45FA7-57A7-4136-99C6-6EE89851F4CD}.Release|AnyCPU.Build.0 = Release|AnyCPU
		{E6D45FA7-57A7-4136-99C6-6EE89851F4CD}.Release|x64.ActiveCfg = Release|AnyCPU
		{E6D45FA7-57A7-4136-99C6-6EE89851F4CD}.Release|x64.Build.0 = Release|AnyCPU
		{AE083078-F322-408C-ABFC-F2C89BA8DE63}.Debug|AnyCPU.ActiveCfg = Debug|AnyCPU
		{AE083078-F322-408C-ABFC-F2C89BA8DE63}.Debug|AnyCPU.Build.0 = Debug|AnyCPU
		{AE083078-F322-408C-ABFC-F2C89BA8DE63}.Debug|x64.ActiveCfg = Debug|AnyCPU
		{AE083078-F322-408C-ABFC-F2C89BA8DE63}.Debug|x64.Build.0 = Debug|AnyCPU
		{AE083078-F322-408C-ABFC-F2C89BA8DE63}.Release|AnyCPU.ActiveCfg = Release|AnyCPU
		{AE083078-F322-408C-ABFC-F2C89BA8DE63}.Release|AnyCPU.Build.0 = Release|AnyCPU
		{AE083078-F322-408C-ABFC-F2C89BA8DE63}.Release|x64.ActiveCfg = Release|AnyCPU
		{AE083078-F322-408C-ABFC-F2C89BA8DE63}.Release|x64.Build.0 = Release|AnyCPU
		{4F6DE5DC-1E17-4713-AF82-BE99643D5326}.Debug|AnyCPU.ActiveCfg = Debug|AnyCPU
		{4F6DE5DC-1E17-4713-AF82-BE99643D5326}.Debug|AnyCPU.Build.0 = Debug|AnyCPU
		{4F6DE5DC-1E17-4713-AF82-BE99643D5326}.Debug|x64.ActiveCfg = Debug|AnyCPU
		{4F6DE5DC-1E17-4713-AF82-BE99643D5326}.Debug|x64.Build.0 = Debug|AnyCPU
		{4F6DE5DC-1E17-4713-AF82-BE99643D5326}.Release|AnyCPU.ActiveCfg = Release|AnyCPU
		{4F6DE5DC-1E17-4713-AF82-BE99643D5326}.Release|AnyCPU.Build.0 = Release|AnyCPU
		{4F6DE5DC-1E17-4713-AF82-BE99643D5326}.Release|x64.ActiveCfg = Release|AnyCPU
		{4F6DE5DC-1E17-4713-AF82-BE99643D5326}.Release|x64.Build.0 = Release|AnyCPU
		{92E8345E-2CA1-439D-926D-D979893840F5}.Debug|AnyCPU.ActiveCfg = Debug|AnyCPU
		{92E8345E-2CA1-439D-926D-D979893840F5}.Debug|AnyCPU.Build.0 = Debug|AnyCPU
		{92E8345E-2CA1-439D-926D-D979893840F5}.Debug|x64.ActiveCfg = Debug|AnyCPU
		{92E8345E-2CA1-439D-926D-D979893840F5}.Debug|x64.Build.0 = Debug|AnyCPU
		{92E8345E-2CA1-439D-926D-D979893840F5}.Release|AnyCPU.ActiveCfg = Release|AnyCPU
		{92E8345E-2CA1-439D-926D-D979893840F5}.Release|AnyCPU.Build.0 = Release|AnyCPU
		{92E8345E-2CA1-439D-926D-D979893840F5}.Release|x64.ActiveCfg = Release|AnyCPU
		{92E8345E-2CA1-439D-926D-D979893840F5}.Release|x64.Build.0 = Release|AnyCPU
		{F6A198C8-1940-4CAE-A0D3-D4E707F3B0A3}.Debug|AnyCPU.ActiveCfg = Debug|AnyCPU
		{F6A198C8-1940-4CAE-A0D3-D4E707F3B0A3}.Debug|AnyCPU.Build.0 = Debug|AnyCPU
		{F6A198C8-1940-4CAE-A0D3-D4E707F3B0A3}.Debug|x64.ActiveCfg = Debug|AnyCPU
		{F6A198C8-1940-4CAE-A0D3-D4E707F3B0A3}.Debug|x64.Build.0 = Debug|AnyCPU
		{F6A198C8-1940-4CAE-A0D3-D4E707F3B0A3}.Release|AnyCPU.ActiveCfg = Release|AnyCPU
		{F6A198C8-1940-4CAE-A0D3-D4E707F3B0A3}.Release|AnyCPU.Build.0 = Release|AnyCPU
		{F6A198C8-1940-4CAE-A0D3-D4E707F3B0A3}.Release|x64.ActiveCfg = Release|AnyCPU
		{F6A198C8-1940-4CAE-A0D3-D4E707F3B0A3}.Release|x64.Build.0 = Release|AnyCPU
		{2629567D-4737-4A1B-9876-F00C948270E3}.Debug|AnyCPU.ActiveCfg = Debug|AnyCPU
		{2629567D-4737-4A1B-9876-F00C948270E3}.Debug|AnyCPU.Build.0 = Debug|AnyCPU
		{2629567D-4737-4A1B-9876-F00C948270E3}.Debug|x64.ActiveCfg = Debug|AnyCPU
		{2629567D-4737-4A1B-9876-F00C948270E3}.Debug|x64.Build.0 = Debug|AnyCPU
		{2629567D-4737-4A1B-9876-F00C948270E3}.Release|AnyCPU.ActiveCfg = Release|AnyCPU
		{2629567D-4737-4A1B-9876-F00C948270E3}.Release|AnyCPU.Build.0 = Release|AnyCPU
		{2629567D-4737-4A1B-9876-F00C948270E3}.Release|x64.ActiveCfg = Release|AnyCPU
		{2629567D-4737-4A1B-9876-F00C948270E3}.Release|x64.Build.0 = Release|AnyCPU
		{32563B0E-C9B0-468F-85CC-04BB4802FE37}.Debug|AnyCPU.ActiveCfg = Debug|AnyCPU
		{32563B0E-C9B0-468F-85CC-04BB4802FE37}.Debug|AnyCPU.Build.0 = Debug|AnyCPU
		{32563B0E-C9B0-468F-85CC-04BB4802FE37}.Debug|x64.ActiveCfg = Debug|AnyCPU
		{32563B0E-C9B0-468F-85CC-04BB4802FE37}.Debug|x64.Build.0 = Debug|AnyCPU
		{32563B0E-C9B0-468F-85CC-04BB4802FE37}.Release|AnyCPU.ActiveCfg = Release|AnyCPU
		{32563B0E-C9B0-468F-85CC-04BB4802FE37}.Release|AnyCPU.Build.0 = Release|AnyCPU
		{32563B0E-C9B0-468F-85CC-04BB4802FE37}.Release|x64.ActiveCfg = Release|AnyCPU
		{32563B0E-C9B0-468F-85CC-04BB4802FE37}.Release|x64.Build.0 = Release|AnyCPU
		{89957ABF-8A15-484A-94BA-6565969046AD}.Debug|AnyCPU.ActiveCfg = Debug|AnyCPU
		{89957ABF-8A15-484A-94BA-6565969046AD}.Debug|AnyCPU.Build.0 = Debug|AnyCPU
		{89957ABF-8A15-484A-94BA-6565969046AD}.Debug|x64.ActiveCfg = Debug|AnyCPU
		{89957ABF-8A15-484A-94BA-6565969046AD}.Debug|x64.Build.0 = Debug|AnyCPU
		{89957ABF-8A15-484A-94BA-6565969046AD}.Release|AnyCPU.ActiveCfg = Release|AnyCPU
		{89957ABF-8A15-484A-94BA-6565969046AD}.Release|AnyCPU.Build.0 = Release|AnyCPU
		{89957ABF-8A15-484A-94BA-6565969046AD}.Release|x64.ActiveCfg = Release|AnyCPU
		{89957ABF-8A15-484A-94BA-6565969046AD}.Release|x64.Build.0 = Release|AnyCPU
		{7747A478-8986-4A56-8342-093752FC07C3}.Debug|AnyCPU.ActiveCfg = Debug|AnyCPU
		{7747A478-8986-4A56-8342-093752FC07C3}.Debug|AnyCPU.Build.0 = Debug|AnyCPU
		{7747A478-8986-4A56-8342-093752FC07C3}.Debug|x64.ActiveCfg = Debug|AnyCPU
		{7747A478-8986-4A56-8342-093752FC07C3}.Debug|x64.Build.0 = Debug|AnyCPU
		{7747A478-8986-4A56-8342-093752FC07C3}.Release|AnyCPU.ActiveCfg = Release|AnyCPU
		{7747A478-8986-4A56-8342-093752FC07C3}.Release|AnyCPU.Build.0 = Release|AnyCPU
		{7747A478-8986-4A56-8342-093752FC07C3}.Release|x64.ActiveCfg = Release|AnyCPU
		{7747A478-8986-4A56-8342-093752FC07C3}.Release|x64.Build.0 = Release|AnyCPU
		{5E102B9E-DCEF-4D8B-8A02-3FDF0FCC0D59}.Debug|AnyCPU.ActiveCfg = Debug|AnyCPU
		{5E102B9E-DCEF-4D8B-8A02-3FDF0FCC0D59}.Debug|AnyCPU.Build.0 = Debug|AnyCPU
		{5E102B9E-DCEF-4D8B-8A02-3FDF0FCC0D59}.Debug|x64.ActiveCfg = Debug|AnyCPU
		{5E102B9E-DCEF-4D8B-8A02-3FDF0FCC0D59}.Debug|x64.Build.0 = Debug|AnyCPU
		{5E102B9E-DCEF-4D8B-8A02-3FDF0FCC0D59}.Release|AnyCPU.ActiveCfg = Release|AnyCPU
		{5E102B9E-DCEF-4D8B-8A02-3FDF0FCC0D59}.Release|AnyCPU.Build.0 = Release|AnyCPU
		{5E102B9E-DCEF-4D8B-8A02-3FDF0FCC0D59}.Release|x64.ActiveCfg = Release|AnyCPU
		{5E102B9E-DCEF-4D8B-8A02-3FDF0FCC0D59}.Release|x64.Build.0 = Release|AnyCPU
		{49C33D77-EADB-4F07-A1A2-91B88F531E8D}.Debug|AnyCPU.ActiveCfg = Debug|AnyCPU
		{49C33D77-EADB-4F07-A1A2-91B88F531E8D}.Debug|AnyCPU.Build.0 = Debug|AnyCPU
		{49C33D77-EADB-4F07-A1A2-91B88F531E8D}.Debug|x64.ActiveCfg = Debug|AnyCPU
		{49C33D77-EADB-4F07-A1A2-91B88F531E8D}.Debug|x64.Build.0 = Debug|AnyCPU
		{49C33D77-EADB-4F07-A1A2-91B88F531E8D}.Release|AnyCPU.ActiveCfg = Release|AnyCPU
		{49C33D77-EADB-4F07-A1A2-91B88F531E8D}.Release|AnyCPU.Build.0 = Release|AnyCPU
		{49C33D77-EADB-4F07-A1A2-91B88F531E8D}.Release|x64.ActiveCfg = Release|AnyCPU
		{49C33D77-EADB-4F07-A1A2-91B88F531E8D}.Release|x64.Build.0 = Release|AnyCPU
		{A1783EAB-5BAF-49F1-8372-B467B57063CC}.Debug|AnyCPU.ActiveCfg = Debug|AnyCPU
		{A1783EAB-5BAF-49F1-8372-B467B57063CC}.Debug|AnyCPU.Build.0 = Debug|AnyCPU
		{A1783EAB-5BAF-49F1-8372-B467B57063CC}.Debug|x64.ActiveCfg = Debug|AnyCPU
		{A1783EAB-5BAF-49F1-8372-B467B57063CC}.Debug|x64.Build.0 = Debug|AnyCPU
		{A1783EAB-5BAF-49F1-8372-B467B57063CC}.Release|AnyCPU.ActiveCfg = Release|AnyCPU
		{A1783EAB-5BAF-49F1-8372-B467B57063CC}.Release|AnyCPU.Build.0 = Release|AnyCPU
		{A1783EAB-5BAF-49F1-8372-B467B57063CC}.Release|x64.ActiveCfg = Release|AnyCPU
		{A1783EAB-5BAF-49F1-8372-B467B57063CC}.Release|x64.Build.0 = Release|AnyCPU
		{E270608B-BA9E-4972-A18E-34B93E6552B4}.Debug|AnyCPU.ActiveCfg = Debug|AnyCPU
		{E270608B-BA9E-4972-A18E-34B93E6552B4}.Debug|AnyCPU.Build.0 = Debug|AnyCPU
		{E270608B-BA9E-4972-A18E-34B93E6552B4}.Debug|x64.ActiveCfg = Debug|AnyCPU
		{E270608B-BA9E-4972-A18E-34B93E6552B4}.Debug|x64.Build.0 = Debug|AnyCPU
		{E270608B-BA9E-4972-A18E-34B93E6552B4}.Release|AnyCPU.ActiveCfg = Release|AnyCPU
		{E270608B-BA9E-4972-A18E-34B93E6552B4}.Release|AnyCPU.Build.0 = Release|AnyCPU
		{E270608B-BA9E-4972-A18E-34B93E6552B4}.Release|x64.ActiveCfg = Release|AnyCPU
		{E270608B-BA9E-4972-A18E-34B93E6552B4}.Release|x64.Build.0 = Release|AnyCPU
		{E116C90E-C6A0-4292-B1FF-E0746FFE95D5}.Debug|AnyCPU.ActiveCfg = Debug|AnyCPU
		{E116C90E-C6A0-4292-B1FF-E0746FFE95D5}.Debug|AnyCPU.Build.0 = Debug|AnyCPU
		{E116C90E-C6A0-4292-B1FF-E0746FFE95D5}.Debug|x64.ActiveCfg = Debug|AnyCPU
		{E116C90E-C6A0-4292-B1FF-E0746FFE95D5}.Debug|x64.Build.0 = Debug|AnyCPU
		{E116C90E-C6A0-4292-B1FF-E0746FFE95D5}.Release|AnyCPU.ActiveCfg = Release|AnyCPU
		{E116C90E-C6A0-4292-B1FF-E0746FFE95D5}.Release|AnyCPU.Build.0 = Release|AnyCPU
		{E116C90E-C6A0-4292-B1FF-E0746FFE95D5}.Release|x64.ActiveCfg = Release|AnyCPU
		{E116C90E-C6A0-4292-B1FF-E0746FFE95D5}.Release|x64.Build.0 = Release|AnyCPU
		{0FBF5F7E-2AE4-4F4A-84CB-26B3A9E3119C}.Debug|AnyCPU.ActiveCfg = Debug|AnyCPU
		{0FBF5F7E-2AE4-4F4A-84CB-26B3A9E3119C}.Debug|AnyCPU.Build.0 = Debug|AnyCPU
		{0FBF5F7E-2AE4-4F4A-84CB-26B3A9E3119C}.Debug|x64.ActiveCfg = Debug|AnyCPU
		{0FBF5F7E-2AE4-4F4A-84CB-26B3A9E3119C}.Debug|x64.Build.0 = Debug|AnyCPU
		{0FBF5F7E-2AE4-4F4A-84CB-26B3A9E3119C}.Release|AnyCPU.ActiveCfg = Release|AnyCPU
		{0FBF5F7E-2AE4-4F4A-84CB-26B3A9E3119C}.Release|AnyCPU.Build.0 = Release|AnyCPU
		{0FBF5F7E-2AE4-4F4A-84CB-26B3A9E3119C}.Release|x64.ActiveCfg = Release|AnyCPU
		{0FBF5F7E-2AE4-4F4A-84CB-26B3A9E3119C}.Release|x64.Build.0 = Release|AnyCPU
		{BCBA78DF-1513-44D3-83B3-37655A7F3887}.Debug|AnyCPU.ActiveCfg = Debug|AnyCPU
		{BCBA78DF-1513-44D3-83B3-37655A7F3887}.Debug|AnyCPU.Build.0 = Debug|AnyCPU
		{BCBA78DF-1513-44D3-83B3-37655A7F3887}.Debug|x64.ActiveCfg = Debug|AnyCPU
		{BCBA78DF-1513-44D3-83B3-37655A7F3887}.Debug|x64.Build.0 = Debug|AnyCPU
		{BCBA78DF-1513-44D3-83B3-37655A7F3887}.Release|AnyCPU.ActiveCfg = Release|AnyCPU
		{BCBA78DF-1513-44D3-83B3-37655A7F3887}.Release|AnyCPU.Build.0 = Release|AnyCPU
		{BCBA78DF-1513-44D3-83B3-37655A7F3887}.Release|x64.ActiveCfg = Release|AnyCPU
		{BCBA78DF-1513-44D3-83B3-37655A7F3887}.Release|x64.Build.0 = Release|AnyCPU
		{9E913818-9270-4570-A8F4-80812EBFA09E}.Debug|AnyCPU.ActiveCfg = Debug|AnyCPU
		{9E913818-9270-4570-A8F4-80812EBFA09E}.Debug|AnyCPU.Build.0 = Debug|AnyCPU
		{9E913818-9270-4570-A8F4-80812EBFA09E}.Debug|x64.ActiveCfg = Debug|AnyCPU
		{9E913818-9270-4570-A8F4-80812EBFA09E}.Debug|x64.Build.0 = Debug|AnyCPU
		{9E913818-9270-4570-A8F4-80812EBFA09E}.Release|AnyCPU.ActiveCfg = Release|AnyCPU
		{9E913818-9270-4570-A8F4-80812EBFA09E}.Release|AnyCPU.Build.0 = Release|AnyCPU
		{9E913818-9270-4570-A8F4-80812EBFA09E}.Release|x64.ActiveCfg = Release|AnyCPU
		{9E913818-9270-4570-A8F4-80812EBFA09E}.Release|x64.Build.0 = Release|AnyCPU
		{D2C94889-1E86-4ABD-9D5E-631B3463DA86}.Debug|AnyCPU.ActiveCfg = Debug|AnyCPU
		{D2C94889-1E86-4ABD-9D5E-631B3463DA86}.Debug|AnyCPU.Build.0 = Debug|AnyCPU
		{D2C94889-1E86-4ABD-9D5E-631B3463DA86}.Debug|x64.ActiveCfg = Debug|AnyCPU
		{D2C94889-1E86-4ABD-9D5E-631B3463DA86}.Debug|x64.Build.0 = Debug|AnyCPU
		{D2C94889-1E86-4ABD-9D5E-631B3463DA86}.Release|AnyCPU.ActiveCfg = Release|AnyCPU
		{D2C94889-1E86-4ABD-9D5E-631B3463DA86}.Release|AnyCPU.Build.0 = Release|AnyCPU
		{D2C94889-1E86-4ABD-9D5E-631B3463DA86}.Release|x64.ActiveCfg = Release|AnyCPU
		{D2C94889-1E86-4ABD-9D5E-631B3463DA86}.Release|x64.Build.0 = Release|AnyCPU
	EndGlobalSection
	GlobalSection(SolutionProperties) = preSolution
		HideSolutionNode = FALSE
	EndGlobalSection
	GlobalSection(NestedProjects) = preSolution
		{42BF8242-66AC-43B3-827A-F69DE1A15310} = {A33C1A73-4FD5-499F-9742-001AC852D96E}
		{EEE91FF5-B3AA-4DB7-BDED-9046BC0EB5E5} = {A33C1A73-4FD5-499F-9742-001AC852D96E}
		{FF53D74C-98C1-4486-8548-C1B6FAA45133} = {A33C1A73-4FD5-499F-9742-001AC852D96E}
		{EADDCFB3-FCC2-4BD8-AA70-552EF91098A5} = {0B0557F4-1337-43CE-A070-AB63D04435EC}
		{D3FB95AA-DA87-4C7F-91FB-3CF4A74CE814} = {0B0557F4-1337-43CE-A070-AB63D04435EC}
		{75025F8E-52CC-4300-B46F-3DA5B8CBC4E8} = {0B0557F4-1337-43CE-A070-AB63D04435EC}
		{2869DBFE-7762-4930-95EA-2B0C111CF353} = {0B0557F4-1337-43CE-A070-AB63D04435EC}
		{ACB02213-A7C2-4BCA-ACE2-2BFAD6E0E54C} = {D5226852-11EA-497E-9C0E-DFFCB97E9BB6}
		{E9137637-B657-4C22-85A5-2E30ADF82566} = {099CA148-FA0A-44E4-8C8A-CAF7B106897E}
		{FDFC92EE-090C-4E23-9422-F90EB94C43DD} = {099CA148-FA0A-44E4-8C8A-CAF7B106897E}
		{7D1DC1A6-AA81-4E6A-9081-97BF21662F4E} = {099CA148-FA0A-44E4-8C8A-CAF7B106897E}
		{4E20C041-2F59-408E-ADB3-0BCFAB48DE61} = {4B6FEFA2-F51E-4577-858E-320B8A094289}
		{7421A593-343B-4D49-AFBE-A1B8BE179CE2} = {4B6FEFA2-F51E-4577-858E-320B8A094289}
		{6C7B3FE3-8F7C-46C4-ABF2-B7B1A0E70B77} = {602B04F4-9C71-4CF0-9500-A25BB1AFC12D}
		{27EC779B-47AA-42C6-83E4-B101F6B286E2} = {A33C1A73-4FD5-499F-9742-001AC852D96E}
		{BD4850CC-23BF-4BEA-933E-F1FD7C692451} = {ED3DF9E3-2366-483E-9124-3FA8766EEF77}
		{E6D45FA7-57A7-4136-99C6-6EE89851F4CD} = {ED3DF9E3-2366-483E-9124-3FA8766EEF77}
		{AE083078-F322-408C-ABFC-F2C89BA8DE63} = {ED3DF9E3-2366-483E-9124-3FA8766EEF77}
		{4F6DE5DC-1E17-4713-AF82-BE99643D5326} = {ED3DF9E3-2366-483E-9124-3FA8766EEF77}
		{2E040804-8ED9-4FB8-BB8A-4A38479E2A9E} = {4B6FEFA2-F51E-4577-858E-320B8A094289}
		{92E8345E-2CA1-439D-926D-D979893840F5} = {FBD4F6B1-98F2-4985-9111-C65C5A1C8D75}
		{F6A198C8-1940-4CAE-A0D3-D4E707F3B0A3} = {FBD4F6B1-98F2-4985-9111-C65C5A1C8D75}
		{2629567D-4737-4A1B-9876-F00C948270E3} = {FBD4F6B1-98F2-4985-9111-C65C5A1C8D75}
		{32563B0E-C9B0-468F-85CC-04BB4802FE37} = {FBD4F6B1-98F2-4985-9111-C65C5A1C8D75}
		{89957ABF-8A15-484A-94BA-6565969046AD} = {C94C49B6-DB81-47C2-BD39-72376423F2F0}
		{7747A478-8986-4A56-8342-093752FC07C3} = {C94C49B6-DB81-47C2-BD39-72376423F2F0}
		{7FE013FD-58BD-4D0D-A9D0-BE7849CA4E65} = {4B6FEFA2-F51E-4577-858E-320B8A094289}
		{5E102B9E-DCEF-4D8B-8A02-3FDF0FCC0D59} = {C94C49B6-DB81-47C2-BD39-72376423F2F0}
		{49C33D77-EADB-4F07-A1A2-91B88F531E8D} = {C94C49B6-DB81-47C2-BD39-72376423F2F0}
		{A6A27646-4889-4F95-A0DF-DD78D287388F} = {4B6FEFA2-F51E-4577-858E-320B8A094289}
		{A1783EAB-5BAF-49F1-8372-B467B57063CC} = {913E6ED1-5915-4C4C-85BE-94E8CEE315FF}
		{E270608B-BA9E-4972-A18E-34B93E6552B4} = {913E6ED1-5915-4C4C-85BE-94E8CEE315FF}
		{E116C90E-C6A0-4292-B1FF-E0746FFE95D5} = {913E6ED1-5915-4C4C-85BE-94E8CEE315FF}
		{0FBF5F7E-2AE4-4F4A-84CB-26B3A9E3119C} = {913E6ED1-5915-4C4C-85BE-94E8CEE315FF}
		{25FF4279-6EE6-441E-9D40-A40DB81CB57C} = {913E6ED1-5915-4C4C-85BE-94E8CEE315FF}
		{BCBA78DF-1513-44D3-83B3-37655A7F3887} = {913E6ED1-5915-4C4C-85BE-94E8CEE315FF}
		{9E913818-9270-4570-A8F4-80812EBFA09E} = {913E6ED1-5915-4C4C-85BE-94E8CEE315FF}
		{D2C94889-1E86-4ABD-9D5E-631B3463DA86} = {4B6FEFA2-F51E-4577-858E-320B8A094289}
	EndGlobalSection
	GlobalSection(ExtensibilityGlobals) = postSolution
		SolutionGuid = {80E44DEF-976F-46BF-9DD8-F07334768E20}
	EndGlobalSection
EndGlobal
