
Microsoft Visual Studio Solution File, Format Version 12.00
# Visual Studio 15
VisualStudioVersion = 15.0.27130.2036
MinimumVisualStudioVersion = 10.0.40219.1
Project("{2150E333-8FDC-42A3-9474-1A3956D46DE8}") = ".nuget", ".nuget", "{92E6CB4E-6542-419B-B674-7D8B9FB02BD2}"
	ProjectSection(SolutionItems) = preProject
		.nuget\NuGet.Config = .nuget\NuGet.Config
		.nuget\NuGet.exe = .nuget\NuGet.exe
		.nuget\NuGet.targets = .nuget\NuGet.targets
	EndProjectSection
EndProject
Project("{2150E333-8FDC-42A3-9474-1A3956D46DE8}") = "Google Spreadsheet", "Google Spreadsheet", "{A33C1A73-4FD5-499F-9742-001AC852D96E}"
EndProject
Project("{FAE04EC0-301F-11D3-BF4B-00C04F79EFBC}") = "GoogleSpreadsheet.Activities", "Google Spreadsheet\GoogleSpreadsheet.Activities\GoogleSpreadsheet.Activities.csproj", "{42BF8242-66AC-43B3-827A-F69DE1A15310}"
EndProject
Project("{FAE04EC0-301F-11D3-BF4B-00C04F79EFBC}") = "GoogleSpreadsheet.Activities.Design", "Google Spreadsheet\GoogleSpreadsheet.Activities.Design\GoogleSpreadsheet.Activities.Design.csproj", "{EEE91FF5-B3AA-4DB7-BDED-9046BC0EB5E5}"
EndProject
Project("{FAE04EC0-301F-11D3-BF4B-00C04F79EFBC}") = "GoogleSpreadsheet.Activities.UnitTest", "Google Spreadsheet\GoogleSpreadsheet.Activities.UnitTest\GoogleSpreadsheet.Activities.UnitTest.csproj", "{FF53D74C-98C1-4486-8548-C1B6FAA45133}"
EndProject
Project("{2150E333-8FDC-42A3-9474-1A3956D46DE8}") = "Script", "Script", "{0B0557F4-1337-43CE-A070-AB63D04435EC}"
EndProject
Project("{FAE04EC0-301F-11D3-BF4B-00C04F79EFBC}") = "UiPath.Script.Activities.Design", "Script\UiPath.Script.Activities.Design\UiPath.Script.Activities.Design.csproj", "{EADDCFB3-FCC2-4BD8-AA70-552EF91098A5}"
EndProject
Project("{FAE04EC0-301F-11D3-BF4B-00C04F79EFBC}") = "UiPath.Script.Activities", "Script\UiPath.Script.Activities\UiPath.Script.Activities.csproj", "{D3FB95AA-DA87-4C7F-91FB-3CF4A74CE814}"
EndProject
Project("{FAE04EC0-301F-11D3-BF4B-00C04F79EFBC}") = "UiPath.Script", "Script\UiPath.Script\UiPath.Script.csproj", "{75025F8E-52CC-4300-B46F-3DA5B8CBC4E8}"
EndProject
Project("{FAE04EC0-301F-11D3-BF4B-00C04F79EFBC}") = "AutoHotkey.Interop", "Script\AutoHotkey.Interop\AutoHotkey.Interop.csproj", "{2869DBFE-7762-4930-95EA-2B0C111CF353}"
EndProject
Project("{2150E333-8FDC-42A3-9474-1A3956D46DE8}") = "Credentials", "Credentials", "{D5226852-11EA-497E-9C0E-DFFCB97E9BB6}"
EndProject
Project("{FAE04EC0-301F-11D3-BF4B-00C04F79EFBC}") = "UiPath.Credentials.Activities", "Credentials\UiPath.Credentials.Activities\UiPath.Credentials.Activities.csproj", "{ACB02213-A7C2-4BCA-ACE2-2BFAD6E0E54C}"
EndProject
Project("{2150E333-8FDC-42A3-9474-1A3956D46DE8}") = "FTP", "FTP", "{099CA148-FA0A-44E4-8C8A-CAF7B106897E}"
EndProject
Project("{FAE04EC0-301F-11D3-BF4B-00C04F79EFBC}") = "UiPath.FTP", "FTP\UiPath.FTP\UiPath.FTP.csproj", "{E9137637-B657-4C22-85A5-2E30ADF82566}"
EndProject
Project("{FAE04EC0-301F-11D3-BF4B-00C04F79EFBC}") = "UiPath.FTP.Activities", "FTP\UiPath.FTP.Activities\UiPath.FTP.Activities.csproj", "{FDFC92EE-090C-4E23-9422-F90EB94C43DD}"
EndProject
Project("{FAE04EC0-301F-11D3-BF4B-00C04F79EFBC}") = "UiPath.FTP.Activities.Design", "FTP\UiPath.FTP.Activities.Design\UiPath.FTP.Activities.Design.csproj", "{7D1DC1A6-AA81-4E6A-9081-97BF21662F4E}"
EndProject
Project("{2150E333-8FDC-42A3-9474-1A3956D46DE8}") = "Shared", "Shared", "{4B6FEFA2-F51E-4577-858E-320B8A094289}"
EndProject
Project("{D954291E-2A0B-460D-934E-DC6B0785DB48}") = "UiPath.Shared.Activities", "Shared\UiPath.Shared.Activities\UiPath.Shared.Activities.shproj", "{4E20C041-2F59-408E-ADB3-0BCFAB48DE61}"
EndProject
Project("{FAE04EC0-301F-11D3-BF4B-00C04F79EFBC}") = "UiPath.Shared.Activities.Tests", "Shared\UiPath.Shared.Activities.Tests\UiPath.Shared.Activities.Tests.csproj", "{7421A593-343B-4D49-AFBE-A1B8BE179CE2}"
EndProject
Project("{FAE04EC0-301F-11D3-BF4B-00C04F79EFBC}") = "UiPath.Twilio.Activities", "Twilio\UiPath.Twilio.Activities\UiPath.Twilio.Activities.csproj", "{6C7B3FE3-8F7C-46C4-ABF2-B7B1A0E70B77}"
EndProject
Project("{2150E333-8FDC-42A3-9474-1A3956D46DE8}") = "Twilio", "Twilio", "{602B04F4-9C71-4CF0-9500-A25BB1AFC12D}"
EndProject
Project("{FAE04EC0-301F-11D3-BF4B-00C04F79EFBC}") = "GoogleSpreadsheet", "Google Spreadsheet\GoogleSpreadsheet\GoogleSpreadsheet.csproj", "{27EC779B-47AA-42C6-83E4-B101F6B286E2}"
EndProject
Project("{2150E333-8FDC-42A3-9474-1A3956D46DE8}") = "Database", "Database", "{ED3DF9E3-2366-483E-9124-3FA8766EEF77}"
EndProject
Project("{FAE04EC0-301F-11D3-BF4B-00C04F79EFBC}") = "UiPath.Database", "Database\UiPath.Database\UiPath.Database.csproj", "{BD4850CC-23BF-4BEA-933E-F1FD7C692451}"
EndProject
Project("{FAE04EC0-301F-11D3-BF4B-00C04F79EFBC}") = "UiPath.Database.Activities", "Database\UiPath.Database.Activities\UiPath.Database.Activities.csproj", "{E6D45FA7-57A7-4136-99C6-6EE89851F4CD}"
EndProject
Project("{FAE04EC0-301F-11D3-BF4B-00C04F79EFBC}") = "UiPath.Database.Activities.Design", "Database\UiPath.Database.Activities.Design\UiPath.Database.Activities.Design.csproj", "{AE083078-F322-408C-ABFC-F2C89BA8DE63}"
EndProject
Project("{FAE04EC0-301F-11D3-BF4B-00C04F79EFBC}") = "UiPath.Database.Tests", "Database\UiPath.Database.Tests\UiPath.Database.Tests.csproj", "{4F6DE5DC-1E17-4713-AF82-BE99643D5326}"
EndProject
Global
	GlobalSection(SharedMSBuildProjectFiles) = preSolution
		Shared\UiPath.Shared.Activities\UiPath.Shared.Activities.projitems*{4e20c041-2f59-408e-adb3-0bcfab48de61}*SharedItemsImports = 13
		Shared\UiPath.Shared.Activities\UiPath.Shared.Activities.projitems*{7421a593-343b-4d49-afbe-a1b8be179ce2}*SharedItemsImports = 4
		Shared\UiPath.Shared.Activities\UiPath.Shared.Activities.projitems*{fdfc92ee-090c-4e23-9422-f90eb94c43dd}*SharedItemsImports = 4
	EndGlobalSection
	GlobalSection(SolutionConfigurationPlatforms) = preSolution
		Debug|Any CPU = Debug|Any CPU
		Debug|x64 = Debug|x64
		Release|Any CPU = Release|Any CPU
		Release|x64 = Release|x64
	EndGlobalSection
	GlobalSection(ProjectConfigurationPlatforms) = postSolution
		{42BF8242-66AC-43B3-827A-F69DE1A15310}.Debug|Any CPU.ActiveCfg = Debug|Any CPU
		{42BF8242-66AC-43B3-827A-F69DE1A15310}.Debug|Any CPU.Build.0 = Debug|Any CPU
		{42BF8242-66AC-43B3-827A-F69DE1A15310}.Debug|x64.ActiveCfg = Debug|Any CPU
		{42BF8242-66AC-43B3-827A-F69DE1A15310}.Debug|x64.Build.0 = Debug|Any CPU
		{42BF8242-66AC-43B3-827A-F69DE1A15310}.Release|Any CPU.ActiveCfg = Release|Any CPU
		{42BF8242-66AC-43B3-827A-F69DE1A15310}.Release|Any CPU.Build.0 = Release|Any CPU
		{42BF8242-66AC-43B3-827A-F69DE1A15310}.Release|x64.ActiveCfg = Release|Any CPU
		{42BF8242-66AC-43B3-827A-F69DE1A15310}.Release|x64.Build.0 = Release|Any CPU
		{EEE91FF5-B3AA-4DB7-BDED-9046BC0EB5E5}.Debug|Any CPU.ActiveCfg = Debug|Any CPU
		{EEE91FF5-B3AA-4DB7-BDED-9046BC0EB5E5}.Debug|Any CPU.Build.0 = Debug|Any CPU
		{EEE91FF5-B3AA-4DB7-BDED-9046BC0EB5E5}.Debug|x64.ActiveCfg = Debug|Any CPU
		{EEE91FF5-B3AA-4DB7-BDED-9046BC0EB5E5}.Debug|x64.Build.0 = Debug|Any CPU
		{EEE91FF5-B3AA-4DB7-BDED-9046BC0EB5E5}.Release|Any CPU.ActiveCfg = Release|Any CPU
		{EEE91FF5-B3AA-4DB7-BDED-9046BC0EB5E5}.Release|Any CPU.Build.0 = Release|Any CPU
		{EEE91FF5-B3AA-4DB7-BDED-9046BC0EB5E5}.Release|x64.ActiveCfg = Release|Any CPU
		{EEE91FF5-B3AA-4DB7-BDED-9046BC0EB5E5}.Release|x64.Build.0 = Release|Any CPU
		{FF53D74C-98C1-4486-8548-C1B6FAA45133}.Debug|Any CPU.ActiveCfg = Debug|Any CPU
		{FF53D74C-98C1-4486-8548-C1B6FAA45133}.Debug|Any CPU.Build.0 = Debug|Any CPU
		{FF53D74C-98C1-4486-8548-C1B6FAA45133}.Debug|x64.ActiveCfg = Debug|Any CPU
		{FF53D74C-98C1-4486-8548-C1B6FAA45133}.Debug|x64.Build.0 = Debug|Any CPU
		{FF53D74C-98C1-4486-8548-C1B6FAA45133}.Release|Any CPU.ActiveCfg = Release|Any CPU
		{FF53D74C-98C1-4486-8548-C1B6FAA45133}.Release|Any CPU.Build.0 = Release|Any CPU
		{FF53D74C-98C1-4486-8548-C1B6FAA45133}.Release|x64.ActiveCfg = Release|Any CPU
		{FF53D74C-98C1-4486-8548-C1B6FAA45133}.Release|x64.Build.0 = Release|Any CPU
		{EADDCFB3-FCC2-4BD8-AA70-552EF91098A5}.Debug|Any CPU.ActiveCfg = Debug|Any CPU
		{EADDCFB3-FCC2-4BD8-AA70-552EF91098A5}.Debug|Any CPU.Build.0 = Debug|Any CPU
		{EADDCFB3-FCC2-4BD8-AA70-552EF91098A5}.Debug|x64.ActiveCfg = Debug|Any CPU
		{EADDCFB3-FCC2-4BD8-AA70-552EF91098A5}.Debug|x64.Build.0 = Debug|Any CPU
		{EADDCFB3-FCC2-4BD8-AA70-552EF91098A5}.Release|Any CPU.ActiveCfg = Release|Any CPU
		{EADDCFB3-FCC2-4BD8-AA70-552EF91098A5}.Release|Any CPU.Build.0 = Release|Any CPU
		{EADDCFB3-FCC2-4BD8-AA70-552EF91098A5}.Release|x64.ActiveCfg = Release|Any CPU
		{EADDCFB3-FCC2-4BD8-AA70-552EF91098A5}.Release|x64.Build.0 = Release|Any CPU
		{D3FB95AA-DA87-4C7F-91FB-3CF4A74CE814}.Debug|Any CPU.ActiveCfg = Debug|Any CPU
		{D3FB95AA-DA87-4C7F-91FB-3CF4A74CE814}.Debug|Any CPU.Build.0 = Debug|Any CPU
		{D3FB95AA-DA87-4C7F-91FB-3CF4A74CE814}.Debug|x64.ActiveCfg = Debug|Any CPU
		{D3FB95AA-DA87-4C7F-91FB-3CF4A74CE814}.Debug|x64.Build.0 = Debug|Any CPU
		{D3FB95AA-DA87-4C7F-91FB-3CF4A74CE814}.Release|Any CPU.ActiveCfg = Release|Any CPU
		{D3FB95AA-DA87-4C7F-91FB-3CF4A74CE814}.Release|Any CPU.Build.0 = Release|Any CPU
		{D3FB95AA-DA87-4C7F-91FB-3CF4A74CE814}.Release|x64.ActiveCfg = Release|Any CPU
		{D3FB95AA-DA87-4C7F-91FB-3CF4A74CE814}.Release|x64.Build.0 = Release|Any CPU
		{75025F8E-52CC-4300-B46F-3DA5B8CBC4E8}.Debug|Any CPU.ActiveCfg = Debug|Any CPU
		{75025F8E-52CC-4300-B46F-3DA5B8CBC4E8}.Debug|Any CPU.Build.0 = Debug|Any CPU
		{75025F8E-52CC-4300-B46F-3DA5B8CBC4E8}.Debug|x64.ActiveCfg = Debug|Any CPU
		{75025F8E-52CC-4300-B46F-3DA5B8CBC4E8}.Debug|x64.Build.0 = Debug|Any CPU
		{75025F8E-52CC-4300-B46F-3DA5B8CBC4E8}.Release|Any CPU.ActiveCfg = Release|Any CPU
		{75025F8E-52CC-4300-B46F-3DA5B8CBC4E8}.Release|Any CPU.Build.0 = Release|Any CPU
		{75025F8E-52CC-4300-B46F-3DA5B8CBC4E8}.Release|x64.ActiveCfg = Release|Any CPU
		{75025F8E-52CC-4300-B46F-3DA5B8CBC4E8}.Release|x64.Build.0 = Release|Any CPU
		{2869DBFE-7762-4930-95EA-2B0C111CF353}.Debug|Any CPU.ActiveCfg = Debug|Any CPU
		{2869DBFE-7762-4930-95EA-2B0C111CF353}.Debug|Any CPU.Build.0 = Debug|Any CPU
		{2869DBFE-7762-4930-95EA-2B0C111CF353}.Debug|x64.ActiveCfg = Debug|x64
		{2869DBFE-7762-4930-95EA-2B0C111CF353}.Debug|x64.Build.0 = Debug|x64
		{2869DBFE-7762-4930-95EA-2B0C111CF353}.Release|Any CPU.ActiveCfg = Release|Any CPU
		{2869DBFE-7762-4930-95EA-2B0C111CF353}.Release|Any CPU.Build.0 = Release|Any CPU
		{2869DBFE-7762-4930-95EA-2B0C111CF353}.Release|x64.ActiveCfg = Release|x64
		{2869DBFE-7762-4930-95EA-2B0C111CF353}.Release|x64.Build.0 = Release|x64
		{ACB02213-A7C2-4BCA-ACE2-2BFAD6E0E54C}.Debug|Any CPU.ActiveCfg = Debug|Any CPU
		{ACB02213-A7C2-4BCA-ACE2-2BFAD6E0E54C}.Debug|Any CPU.Build.0 = Debug|Any CPU
		{ACB02213-A7C2-4BCA-ACE2-2BFAD6E0E54C}.Debug|x64.ActiveCfg = Debug|Any CPU
		{ACB02213-A7C2-4BCA-ACE2-2BFAD6E0E54C}.Debug|x64.Build.0 = Debug|Any CPU
		{ACB02213-A7C2-4BCA-ACE2-2BFAD6E0E54C}.Release|Any CPU.ActiveCfg = Release|Any CPU
		{ACB02213-A7C2-4BCA-ACE2-2BFAD6E0E54C}.Release|Any CPU.Build.0 = Release|Any CPU
		{ACB02213-A7C2-4BCA-ACE2-2BFAD6E0E54C}.Release|x64.ActiveCfg = Release|Any CPU
		{ACB02213-A7C2-4BCA-ACE2-2BFAD6E0E54C}.Release|x64.Build.0 = Release|Any CPU
		{E9137637-B657-4C22-85A5-2E30ADF82566}.Debug|Any CPU.ActiveCfg = Debug|Any CPU
		{E9137637-B657-4C22-85A5-2E30ADF82566}.Debug|Any CPU.Build.0 = Debug|Any CPU
		{E9137637-B657-4C22-85A5-2E30ADF82566}.Debug|x64.ActiveCfg = Debug|Any CPU
		{E9137637-B657-4C22-85A5-2E30ADF82566}.Debug|x64.Build.0 = Debug|Any CPU
		{E9137637-B657-4C22-85A5-2E30ADF82566}.Release|Any CPU.ActiveCfg = Release|Any CPU
		{E9137637-B657-4C22-85A5-2E30ADF82566}.Release|Any CPU.Build.0 = Release|Any CPU
		{E9137637-B657-4C22-85A5-2E30ADF82566}.Release|x64.ActiveCfg = Release|Any CPU
		{E9137637-B657-4C22-85A5-2E30ADF82566}.Release|x64.Build.0 = Release|Any CPU
		{FDFC92EE-090C-4E23-9422-F90EB94C43DD}.Debug|Any CPU.ActiveCfg = Debug|Any CPU
		{FDFC92EE-090C-4E23-9422-F90EB94C43DD}.Debug|Any CPU.Build.0 = Debug|Any CPU
		{FDFC92EE-090C-4E23-9422-F90EB94C43DD}.Debug|x64.ActiveCfg = Debug|Any CPU
		{FDFC92EE-090C-4E23-9422-F90EB94C43DD}.Debug|x64.Build.0 = Debug|Any CPU
		{FDFC92EE-090C-4E23-9422-F90EB94C43DD}.Release|Any CPU.ActiveCfg = Release|Any CPU
		{FDFC92EE-090C-4E23-9422-F90EB94C43DD}.Release|Any CPU.Build.0 = Release|Any CPU
		{FDFC92EE-090C-4E23-9422-F90EB94C43DD}.Release|x64.ActiveCfg = Release|Any CPU
		{FDFC92EE-090C-4E23-9422-F90EB94C43DD}.Release|x64.Build.0 = Release|Any CPU
		{7D1DC1A6-AA81-4E6A-9081-97BF21662F4E}.Debug|Any CPU.ActiveCfg = Debug|Any CPU
		{7D1DC1A6-AA81-4E6A-9081-97BF21662F4E}.Debug|Any CPU.Build.0 = Debug|Any CPU
		{7D1DC1A6-AA81-4E6A-9081-97BF21662F4E}.Debug|x64.ActiveCfg = Debug|Any CPU
		{7D1DC1A6-AA81-4E6A-9081-97BF21662F4E}.Debug|x64.Build.0 = Debug|Any CPU
		{7D1DC1A6-AA81-4E6A-9081-97BF21662F4E}.Release|Any CPU.ActiveCfg = Release|Any CPU
		{7D1DC1A6-AA81-4E6A-9081-97BF21662F4E}.Release|Any CPU.Build.0 = Release|Any CPU
		{7D1DC1A6-AA81-4E6A-9081-97BF21662F4E}.Release|x64.ActiveCfg = Release|Any CPU
		{7D1DC1A6-AA81-4E6A-9081-97BF21662F4E}.Release|x64.Build.0 = Release|Any CPU
		{7421A593-343B-4D49-AFBE-A1B8BE179CE2}.Debug|Any CPU.ActiveCfg = Debug|Any CPU
		{7421A593-343B-4D49-AFBE-A1B8BE179CE2}.Debug|Any CPU.Build.0 = Debug|Any CPU
		{7421A593-343B-4D49-AFBE-A1B8BE179CE2}.Debug|x64.ActiveCfg = Debug|Any CPU
		{7421A593-343B-4D49-AFBE-A1B8BE179CE2}.Debug|x64.Build.0 = Debug|Any CPU
		{7421A593-343B-4D49-AFBE-A1B8BE179CE2}.Release|Any CPU.ActiveCfg = Release|Any CPU
		{7421A593-343B-4D49-AFBE-A1B8BE179CE2}.Release|Any CPU.Build.0 = Release|Any CPU
		{7421A593-343B-4D49-AFBE-A1B8BE179CE2}.Release|x64.ActiveCfg = Release|Any CPU
		{7421A593-343B-4D49-AFBE-A1B8BE179CE2}.Release|x64.Build.0 = Release|Any CPU
		{6C7B3FE3-8F7C-46C4-ABF2-B7B1A0E70B77}.Debug|Any CPU.ActiveCfg = Debug|Any CPU
		{6C7B3FE3-8F7C-46C4-ABF2-B7B1A0E70B77}.Debug|Any CPU.Build.0 = Debug|Any CPU
		{6C7B3FE3-8F7C-46C4-ABF2-B7B1A0E70B77}.Debug|x64.ActiveCfg = Debug|Any CPU
		{6C7B3FE3-8F7C-46C4-ABF2-B7B1A0E70B77}.Debug|x64.Build.0 = Debug|Any CPU
		{6C7B3FE3-8F7C-46C4-ABF2-B7B1A0E70B77}.Release|Any CPU.ActiveCfg = Release|Any CPU
		{6C7B3FE3-8F7C-46C4-ABF2-B7B1A0E70B77}.Release|Any CPU.Build.0 = Release|Any CPU
		{6C7B3FE3-8F7C-46C4-ABF2-B7B1A0E70B77}.Release|x64.ActiveCfg = Release|Any CPU
		{6C7B3FE3-8F7C-46C4-ABF2-B7B1A0E70B77}.Release|x64.Build.0 = Release|Any CPU
		{27EC779B-47AA-42C6-83E4-B101F6B286E2}.Debug|Any CPU.ActiveCfg = Debug|Any CPU
		{27EC779B-47AA-42C6-83E4-B101F6B286E2}.Debug|Any CPU.Build.0 = Debug|Any CPU
		{27EC779B-47AA-42C6-83E4-B101F6B286E2}.Debug|x64.ActiveCfg = Debug|Any CPU
		{27EC779B-47AA-42C6-83E4-B101F6B286E2}.Debug|x64.Build.0 = Debug|Any CPU
		{27EC779B-47AA-42C6-83E4-B101F6B286E2}.Release|Any CPU.ActiveCfg = Release|Any CPU
		{27EC779B-47AA-42C6-83E4-B101F6B286E2}.Release|Any CPU.Build.0 = Release|Any CPU
		{27EC779B-47AA-42C6-83E4-B101F6B286E2}.Release|x64.ActiveCfg = Release|Any CPU
		{27EC779B-47AA-42C6-83E4-B101F6B286E2}.Release|x64.Build.0 = Release|Any CPU
		{BD4850CC-23BF-4BEA-933E-F1FD7C692451}.Debug|Any CPU.ActiveCfg = Debug|Any CPU
		{BD4850CC-23BF-4BEA-933E-F1FD7C692451}.Debug|Any CPU.Build.0 = Debug|Any CPU
		{BD4850CC-23BF-4BEA-933E-F1FD7C692451}.Debug|x64.ActiveCfg = Debug|Any CPU
		{BD4850CC-23BF-4BEA-933E-F1FD7C692451}.Debug|x64.Build.0 = Debug|Any CPU
		{BD4850CC-23BF-4BEA-933E-F1FD7C692451}.Release|Any CPU.ActiveCfg = Release|Any CPU
		{BD4850CC-23BF-4BEA-933E-F1FD7C692451}.Release|Any CPU.Build.0 = Release|Any CPU
		{BD4850CC-23BF-4BEA-933E-F1FD7C692451}.Release|x64.ActiveCfg = Release|Any CPU
		{BD4850CC-23BF-4BEA-933E-F1FD7C692451}.Release|x64.Build.0 = Release|Any CPU
		{E6D45FA7-57A7-4136-99C6-6EE89851F4CD}.Debug|Any CPU.ActiveCfg = Debug|Any CPU
		{E6D45FA7-57A7-4136-99C6-6EE89851F4CD}.Debug|Any CPU.Build.0 = Debug|Any CPU
		{E6D45FA7-57A7-4136-99C6-6EE89851F4CD}.Debug|x64.ActiveCfg = Debug|Any CPU
		{E6D45FA7-57A7-4136-99C6-6EE89851F4CD}.Debug|x64.Build.0 = Debug|Any CPU
		{E6D45FA7-57A7-4136-99C6-6EE89851F4CD}.Release|Any CPU.ActiveCfg = Release|Any CPU
		{E6D45FA7-57A7-4136-99C6-6EE89851F4CD}.Release|Any CPU.Build.0 = Release|Any CPU
		{E6D45FA7-57A7-4136-99C6-6EE89851F4CD}.Release|x64.ActiveCfg = Release|Any CPU
		{E6D45FA7-57A7-4136-99C6-6EE89851F4CD}.Release|x64.Build.0 = Release|Any CPU
		{AE083078-F322-408C-ABFC-F2C89BA8DE63}.Debug|Any CPU.ActiveCfg = Debug|Any CPU
		{AE083078-F322-408C-ABFC-F2C89BA8DE63}.Debug|Any CPU.Build.0 = Debug|Any CPU
		{AE083078-F322-408C-ABFC-F2C89BA8DE63}.Debug|x64.ActiveCfg = Debug|Any CPU
		{AE083078-F322-408C-ABFC-F2C89BA8DE63}.Debug|x64.Build.0 = Debug|Any CPU
		{AE083078-F322-408C-ABFC-F2C89BA8DE63}.Release|Any CPU.ActiveCfg = Release|Any CPU
		{AE083078-F322-408C-ABFC-F2C89BA8DE63}.Release|Any CPU.Build.0 = Release|Any CPU
		{AE083078-F322-408C-ABFC-F2C89BA8DE63}.Release|x64.ActiveCfg = Release|Any CPU
		{AE083078-F322-408C-ABFC-F2C89BA8DE63}.Release|x64.Build.0 = Release|Any CPU
		{4F6DE5DC-1E17-4713-AF82-BE99643D5326}.Debug|Any CPU.ActiveCfg = Debug|Any CPU
		{4F6DE5DC-1E17-4713-AF82-BE99643D5326}.Debug|Any CPU.Build.0 = Debug|Any CPU
		{4F6DE5DC-1E17-4713-AF82-BE99643D5326}.Debug|x64.ActiveCfg = Debug|Any CPU
		{4F6DE5DC-1E17-4713-AF82-BE99643D5326}.Debug|x64.Build.0 = Debug|Any CPU
		{4F6DE5DC-1E17-4713-AF82-BE99643D5326}.Release|Any CPU.ActiveCfg = Release|Any CPU
		{4F6DE5DC-1E17-4713-AF82-BE99643D5326}.Release|Any CPU.Build.0 = Release|Any CPU
		{4F6DE5DC-1E17-4713-AF82-BE99643D5326}.Release|x64.ActiveCfg = Release|Any CPU
		{4F6DE5DC-1E17-4713-AF82-BE99643D5326}.Release|x64.Build.0 = Release|Any CPU
	EndGlobalSection
	GlobalSection(SolutionProperties) = preSolution
		HideSolutionNode = FALSE
	EndGlobalSection
	GlobalSection(NestedProjects) = preSolution
		{42BF8242-66AC-43B3-827A-F69DE1A15310} = {A33C1A73-4FD5-499F-9742-001AC852D96E}
		{EEE91FF5-B3AA-4DB7-BDED-9046BC0EB5E5} = {A33C1A73-4FD5-499F-9742-001AC852D96E}
		{FF53D74C-98C1-4486-8548-C1B6FAA45133} = {A33C1A73-4FD5-499F-9742-001AC852D96E}
		{EADDCFB3-FCC2-4BD8-AA70-552EF91098A5} = {0B0557F4-1337-43CE-A070-AB63D04435EC}
		{D3FB95AA-DA87-4C7F-91FB-3CF4A74CE814} = {0B0557F4-1337-43CE-A070-AB63D04435EC}
		{75025F8E-52CC-4300-B46F-3DA5B8CBC4E8} = {0B0557F4-1337-43CE-A070-AB63D04435EC}
		{2869DBFE-7762-4930-95EA-2B0C111CF353} = {0B0557F4-1337-43CE-A070-AB63D04435EC}
		{ACB02213-A7C2-4BCA-ACE2-2BFAD6E0E54C} = {D5226852-11EA-497E-9C0E-DFFCB97E9BB6}
		{E9137637-B657-4C22-85A5-2E30ADF82566} = {099CA148-FA0A-44E4-8C8A-CAF7B106897E}
		{FDFC92EE-090C-4E23-9422-F90EB94C43DD} = {099CA148-FA0A-44E4-8C8A-CAF7B106897E}
		{7D1DC1A6-AA81-4E6A-9081-97BF21662F4E} = {099CA148-FA0A-44E4-8C8A-CAF7B106897E}
		{4E20C041-2F59-408E-ADB3-0BCFAB48DE61} = {4B6FEFA2-F51E-4577-858E-320B8A094289}
		{7421A593-343B-4D49-AFBE-A1B8BE179CE2} = {4B6FEFA2-F51E-4577-858E-320B8A094289}
		{6C7B3FE3-8F7C-46C4-ABF2-B7B1A0E70B77} = {602B04F4-9C71-4CF0-9500-A25BB1AFC12D}
		{27EC779B-47AA-42C6-83E4-B101F6B286E2} = {A33C1A73-4FD5-499F-9742-001AC852D96E}
		{BD4850CC-23BF-4BEA-933E-F1FD7C692451} = {ED3DF9E3-2366-483E-9124-3FA8766EEF77}
		{E6D45FA7-57A7-4136-99C6-6EE89851F4CD} = {ED3DF9E3-2366-483E-9124-3FA8766EEF77}
		{AE083078-F322-408C-ABFC-F2C89BA8DE63} = {ED3DF9E3-2366-483E-9124-3FA8766EEF77}
		{4F6DE5DC-1E17-4713-AF82-BE99643D5326} = {ED3DF9E3-2366-483E-9124-3FA8766EEF77}
	EndGlobalSection
	GlobalSection(ExtensibilityGlobals) = postSolution
		SolutionGuid = {80E44DEF-976F-46BF-9DD8-F07334768E20}
	EndGlobalSection
EndGlobal
