
Microsoft Visual Studio Solution File, Format Version 12.00
# Visual Studio 15
VisualStudioVersion = 15.0.26430.14
MinimumVisualStudioVersion = 10.0.40219.1
Project("{2150E333-8FDC-42A3-9474-1A3956D46DE8}") = ".nuget", ".nuget", "{92E6CB4E-6542-419B-B674-7D8B9FB02BD2}"
	ProjectSection(SolutionItems) = preProject
		.nuget\NuGet.Config = .nuget\NuGet.Config
		.nuget\NuGet.exe = .nuget\NuGet.exe
		.nuget\NuGet.targets = .nuget\NuGet.targets
	EndProjectSection
EndProject
Project("{2150E333-8FDC-42A3-9474-1A3956D46DE8}") = "Google Spreadsheet", "Google Spreadsheet", "{A33C1A73-4FD5-499F-9742-001AC852D96E}"
EndProject
Project("{FAE04EC0-301F-11D3-BF4B-00C04F79EFBC}") = "GoogleSpreadsheet.Activities", "Google Spreadsheet\GoogleSpreadsheet.Activities\GoogleSpreadsheet.Activities.csproj", "{42BF8242-66AC-43B3-827A-F69DE1A15310}"
EndProject
Project("{FAE04EC0-301F-11D3-BF4B-00C04F79EFBC}") = "GoogleSpreadsheet.Activities.Design", "Google Spreadsheet\GoogleSpreadsheet.Activities.Design\GoogleSpreadsheet.Activities.Design.csproj", "{EEE91FF5-B3AA-4DB7-BDED-9046BC0EB5E5}"
EndProject
Project("{FAE04EC0-301F-11D3-BF4B-00C04F79EFBC}") = "GoogleSpreadsheet.Activities.UnitTest", "GoogleSpreadsheet.Activities.UnitTest\GoogleSpreadsheet.Activities.UnitTest.csproj", "{DD10478C-3521-4088-BAD7-256D7D099912}"
EndProject
Global
	GlobalSection(SolutionConfigurationPlatforms) = preSolution
		Debug|Any CPU = Debug|Any CPU
		Debug|x64 = Debug|x64
		Release|Any CPU = Release|Any CPU
		Release|x64 = Release|x64
	EndGlobalSection
	GlobalSection(ProjectConfigurationPlatforms) = postSolution
		{42BF8242-66AC-43B3-827A-F69DE1A15310}.Debug|Any CPU.ActiveCfg = Debug|Any CPU
		{42BF8242-66AC-43B3-827A-F69DE1A15310}.Debug|Any CPU.Build.0 = Debug|Any CPU
		{42BF8242-66AC-43B3-827A-F69DE1A15310}.Debug|x64.ActiveCfg = Debug|Any CPU
		{42BF8242-66AC-43B3-827A-F69DE1A15310}.Debug|x64.Build.0 = Debug|Any CPU
		{42BF8242-66AC-43B3-827A-F69DE1A15310}.Release|Any CPU.ActiveCfg = Release|Any CPU
		{42BF8242-66AC-43B3-827A-F69DE1A15310}.Release|Any CPU.Build.0 = Release|Any CPU
		{42BF8242-66AC-43B3-827A-F69DE1A15310}.Release|x64.ActiveCfg = Release|Any CPU
		{42BF8242-66AC-43B3-827A-F69DE1A15310}.Release|x64.Build.0 = Release|Any CPU
		{EEE91FF5-B3AA-4DB7-BDED-9046BC0EB5E5}.Debug|Any CPU.ActiveCfg = Debug|Any CPU
		{EEE91FF5-B3AA-4DB7-BDED-9046BC0EB5E5}.Debug|Any CPU.Build.0 = Debug|Any CPU
		{EEE91FF5-B3AA-4DB7-BDED-9046BC0EB5E5}.Debug|x64.ActiveCfg = Debug|Any CPU
		{EEE91FF5-B3AA-4DB7-BDED-9046BC0EB5E5}.Debug|x64.Build.0 = Debug|Any CPU
		{EEE91FF5-B3AA-4DB7-BDED-9046BC0EB5E5}.Release|Any CPU.ActiveCfg = Release|Any CPU
		{EEE91FF5-B3AA-4DB7-BDED-9046BC0EB5E5}.Release|Any CPU.Build.0 = Release|Any CPU
		{EEE91FF5-B3AA-4DB7-BDED-9046BC0EB5E5}.Release|x64.ActiveCfg = Release|Any CPU
		{EEE91FF5-B3AA-4DB7-BDED-9046BC0EB5E5}.Release|x64.Build.0 = Release|Any CPU
		{DD10478C-3521-4088-BAD7-256D7D099912}.Debug|Any CPU.ActiveCfg = Debug|Any CPU
		{DD10478C-3521-4088-BAD7-256D7D099912}.Debug|Any CPU.Build.0 = Debug|Any CPU
		{DD10478C-3521-4088-BAD7-256D7D099912}.Debug|x64.ActiveCfg = Debug|Any CPU
		{DD10478C-3521-4088-BAD7-256D7D099912}.Debug|x64.Build.0 = Debug|Any CPU
		{DD10478C-3521-4088-BAD7-256D7D099912}.Release|Any CPU.ActiveCfg = Release|Any CPU
		{DD10478C-3521-4088-BAD7-256D7D099912}.Release|Any CPU.Build.0 = Release|Any CPU
		{DD10478C-3521-4088-BAD7-256D7D099912}.Release|x64.ActiveCfg = Release|Any CPU
		{DD10478C-3521-4088-BAD7-256D7D099912}.Release|x64.Build.0 = Release|Any CPU
	EndGlobalSection
	GlobalSection(SolutionProperties) = preSolution
		HideSolutionNode = FALSE
	EndGlobalSection
	GlobalSection(NestedProjects) = preSolution
		{42BF8242-66AC-43B3-827A-F69DE1A15310} = {A33C1A73-4FD5-499F-9742-001AC852D96E}
		{EEE91FF5-B3AA-4DB7-BDED-9046BC0EB5E5} = {A33C1A73-4FD5-499F-9742-001AC852D96E}
		{DD10478C-3521-4088-BAD7-256D7D099912} = {A33C1A73-4FD5-499F-9742-001AC852D96E}
	EndGlobalSection
	GlobalSection(ExtensibilityGlobals) = postSolution
		SolutionGuid = {80E44DEF-976F-46BF-9DD8-F07334768E20}
	EndGlobalSection
EndGlobal
